{
  "version": 4,
  "terraform_version": "1.3.4",
  "serial": 1111,
  "lineage": "72368e97-aefc-3559-1ebf-26077d7c5247",
  "outputs": {},
  "resources": [
    {
      "module": "module.api_gateway",
      "mode": "managed",
      "type": "aws_api_gateway_deployment",
      "name": "KC_api_gateway_deployment",
      "provider": "provider[\"registry.terraform.io/hashicorp/aws\"]",
      "instances": [
        {
          "schema_version": 0,
          "attributes": {
            "created_date": "2022-12-06T18:30:20Z",
            "description": "",
            "execution_arn": "arn:aws:execute-api:us-east-1:356053176662:2ibeqkgyk6/stage_api",
            "id": "03vmam",
            "invoke_url": "https://2ibeqkgyk6.execute-api.us-east-1.amazonaws.com/stage_api",
            "rest_api_id": "2ibeqkgyk6",
            "stage_description": null,
            "stage_name": "stage_api",
            "triggers": null,
            "variables": null
          },
          "sensitive_attributes": [],
          "private": "bnVsbA==",
          "dependencies": [
            "module.api_gateway.aws_api_gateway_integration.KC_api_gateway_integrationorderget",
            "module.api_gateway.aws_api_gateway_integration.KC_api_gateway_integrationorderlist",
            "module.api_gateway.aws_api_gateway_integration.KC_api_gateway_integrationorderpost",
            "module.api_gateway.aws_api_gateway_integration.KC_api_gateway_integrationproductdelete",
            "module.api_gateway.aws_api_gateway_integration.KC_api_gateway_integrationproductpost",
            "module.api_gateway.aws_api_gateway_integration.KC_api_gateway_integrationuserdelete",
            "module.api_gateway.aws_api_gateway_integration.KC_api_gateway_integrationuserpost",
            "module.api_gateway.aws_api_gateway_method.delete_product_form",
            "module.api_gateway.aws_api_gateway_method.delete_user_form",
            "module.api_gateway.aws_api_gateway_method.get_order_form",
            "module.api_gateway.aws_api_gateway_method.list_orders_form",
            "module.api_gateway.aws_api_gateway_method.post_order_form",
            "module.api_gateway.aws_api_gateway_method.post_product_form",
            "module.api_gateway.aws_api_gateway_method.post_user_form",
            "module.api_gateway.aws_api_gateway_resource.orderResource",
            "module.api_gateway.aws_api_gateway_resource.ordersResource",
            "module.api_gateway.aws_api_gateway_resource.productResource",
            "module.api_gateway.aws_api_gateway_resource.userResource",
            "module.api_gateway.aws_api_gateway_rest_api.KC_api_gateway",
            "module.lambda.aws_iam_role.lambda-function-role",
            "module.lambda.aws_lambda_function.lambda-function",
            "module.lambda.aws_lambda_layer_version.lambda-layer",
            "module.lambda.data.archive_file.lambda-function-source",
            "module.lambda.data.archive_file.lambda-layer-source",
            "module.lambda.data.archive_file.typescript-source",
            "module.lambda.data.aws_caller_identity.current",
            "module.lambda.data.aws_region.current",
            "module.lambda.module.lambda-function-name.random_id.this",
            "module.lambda.module.lambda-layer-name.random_id.this",
            "module.lambda.null_resource.lambda-function-source-builder",
            "module.lambda.null_resource.lambda-layer-source-builder"
          ]
        }
      ]
    },
    {
      "module": "module.api_gateway",
      "mode": "managed",
      "type": "aws_api_gateway_integration",
      "name": "KC_api_gateway_integrationorderget",
      "provider": "provider[\"registry.terraform.io/hashicorp/aws\"]",
      "instances": [
        {
          "schema_version": 0,
          "attributes": {
            "cache_key_parameters": [],
            "cache_namespace": "mz0x9c",
            "connection_id": "",
            "connection_type": "INTERNET",
            "content_handling": "",
            "credentials": "",
            "http_method": "GET",
            "id": "agi-2ibeqkgyk6-mz0x9c-GET",
            "integration_http_method": "POST",
            "passthrough_behavior": "WHEN_NO_MATCH",
            "request_parameters": {},
            "request_templates": {},
            "resource_id": "mz0x9c",
            "rest_api_id": "2ibeqkgyk6",
            "timeout_milliseconds": 29000,
            "tls_config": [],
            "type": "AWS_PROXY",
            "uri": "arn:aws:apigateway:us-east-1:lambda:path/2015-03-31/functions/arn:aws:lambda:us-east-1:356053176662:function:api-my-api-dev-getOrder-73e423851cd1a3c6/invocations"
          },
          "sensitive_attributes": [],
          "private": "bnVsbA==",
          "dependencies": [
            "module.api_gateway.aws_api_gateway_method.get_order_form",
            "module.api_gateway.aws_api_gateway_resource.orderResource",
            "module.api_gateway.aws_api_gateway_rest_api.KC_api_gateway",
            "module.lambda.aws_iam_role.lambda-function-role",
            "module.lambda.aws_lambda_function.lambda-function",
            "module.lambda.aws_lambda_layer_version.lambda-layer",
            "module.lambda.data.archive_file.lambda-function-source",
            "module.lambda.data.archive_file.lambda-layer-source",
            "module.lambda.data.archive_file.typescript-source",
            "module.lambda.data.aws_caller_identity.current",
            "module.lambda.data.aws_region.current",
            "module.lambda.module.lambda-function-name.random_id.this",
            "module.lambda.module.lambda-layer-name.random_id.this",
            "module.lambda.null_resource.lambda-function-source-builder",
            "module.lambda.null_resource.lambda-layer-source-builder"
          ]
        }
      ]
    },
    {
      "module": "module.api_gateway",
      "mode": "managed",
      "type": "aws_api_gateway_integration",
      "name": "KC_api_gateway_integrationorderlist",
      "provider": "provider[\"registry.terraform.io/hashicorp/aws\"]",
      "instances": [
        {
          "schema_version": 0,
          "attributes": {
            "cache_key_parameters": [],
            "cache_namespace": "cgomcv",
            "connection_id": "",
            "connection_type": "INTERNET",
            "content_handling": "",
            "credentials": "",
            "http_method": "GET",
            "id": "agi-2ibeqkgyk6-cgomcv-GET",
            "integration_http_method": "GET",
            "passthrough_behavior": "WHEN_NO_MATCH",
            "request_parameters": {},
            "request_templates": {},
            "resource_id": "cgomcv",
            "rest_api_id": "2ibeqkgyk6",
            "timeout_milliseconds": 29000,
            "tls_config": [],
            "type": "AWS_PROXY",
            "uri": "arn:aws:apigateway:us-east-1:lambda:path/2015-03-31/functions/arn:aws:lambda:us-east-1:356053176662:function:api-my-api-dev-listOrders-05772dec441b10f9/invocations"
          },
          "sensitive_attributes": [],
          "private": "bnVsbA==",
          "dependencies": [
            "module.api_gateway.aws_api_gateway_method.list_orders_form",
            "module.api_gateway.aws_api_gateway_resource.ordersResource",
            "module.api_gateway.aws_api_gateway_rest_api.KC_api_gateway",
            "module.lambda.aws_iam_role.lambda-function-role",
            "module.lambda.aws_lambda_function.lambda-function",
            "module.lambda.aws_lambda_layer_version.lambda-layer",
            "module.lambda.data.archive_file.lambda-function-source",
            "module.lambda.data.archive_file.lambda-layer-source",
            "module.lambda.data.archive_file.typescript-source",
            "module.lambda.data.aws_caller_identity.current",
            "module.lambda.data.aws_region.current",
            "module.lambda.module.lambda-function-name.random_id.this",
            "module.lambda.module.lambda-layer-name.random_id.this",
            "module.lambda.null_resource.lambda-function-source-builder",
            "module.lambda.null_resource.lambda-layer-source-builder"
          ]
        }
      ]
    },
    {
      "module": "module.api_gateway",
      "mode": "managed",
      "type": "aws_api_gateway_integration",
      "name": "KC_api_gateway_integrationorderpost",
      "provider": "provider[\"registry.terraform.io/hashicorp/aws\"]",
      "instances": [
        {
          "schema_version": 0,
          "attributes": {
            "cache_key_parameters": [],
            "cache_namespace": "mz0x9c",
            "connection_id": "",
            "connection_type": "INTERNET",
            "content_handling": "",
            "credentials": "",
            "http_method": "POST",
            "id": "agi-2ibeqkgyk6-mz0x9c-POST",
            "integration_http_method": "POST",
            "passthrough_behavior": "WHEN_NO_MATCH",
            "request_parameters": {},
            "request_templates": {},
            "resource_id": "mz0x9c",
            "rest_api_id": "2ibeqkgyk6",
            "timeout_milliseconds": 29000,
            "tls_config": [],
            "type": "AWS_PROXY",
            "uri": "arn:aws:apigateway:us-east-1:lambda:path/2015-03-31/functions/arn:aws:lambda:us-east-1:356053176662:function:api-my-api-dev-createOrder-fd62e0c699ddbb83/invocations"
          },
          "sensitive_attributes": [],
          "private": "bnVsbA==",
          "dependencies": [
            "module.api_gateway.aws_api_gateway_method.post_order_form",
            "module.api_gateway.aws_api_gateway_resource.orderResource",
            "module.api_gateway.aws_api_gateway_rest_api.KC_api_gateway",
            "module.lambda.aws_iam_role.lambda-function-role",
            "module.lambda.aws_lambda_function.lambda-function",
            "module.lambda.aws_lambda_layer_version.lambda-layer",
            "module.lambda.data.archive_file.lambda-function-source",
            "module.lambda.data.archive_file.lambda-layer-source",
            "module.lambda.data.archive_file.typescript-source",
            "module.lambda.data.aws_caller_identity.current",
            "module.lambda.data.aws_region.current",
            "module.lambda.module.lambda-function-name.random_id.this",
            "module.lambda.module.lambda-layer-name.random_id.this",
            "module.lambda.null_resource.lambda-function-source-builder",
            "module.lambda.null_resource.lambda-layer-source-builder"
          ]
        }
      ]
    },
    {
      "module": "module.api_gateway",
      "mode": "managed",
      "type": "aws_api_gateway_integration",
      "name": "KC_api_gateway_integrationproductdelete",
      "provider": "provider[\"registry.terraform.io/hashicorp/aws\"]",
      "instances": [
        {
          "schema_version": 0,
          "attributes": {
            "cache_key_parameters": [],
            "cache_namespace": "rp4kzg",
            "connection_id": "",
            "connection_type": "INTERNET",
            "content_handling": "",
            "credentials": "",
            "http_method": "DELETE",
            "id": "agi-2ibeqkgyk6-rp4kzg-DELETE",
            "integration_http_method": "DELETE",
            "passthrough_behavior": "WHEN_NO_MATCH",
            "request_parameters": {},
            "request_templates": {},
            "resource_id": "rp4kzg",
            "rest_api_id": "2ibeqkgyk6",
            "timeout_milliseconds": 29000,
            "tls_config": [],
            "type": "AWS_PROXY",
            "uri": "arn:aws:apigateway:us-east-1:lambda:path/2015-03-31/functions/arn:aws:lambda:us-east-1:356053176662:function:api-my-api-dev-deleteProduct-bf8bdc8ed3a60f6c/invocations"
          },
          "sensitive_attributes": [],
          "private": "bnVsbA==",
          "dependencies": [
            "module.api_gateway.aws_api_gateway_method.delete_product_form",
            "module.api_gateway.aws_api_gateway_resource.productResource",
            "module.api_gateway.aws_api_gateway_rest_api.KC_api_gateway",
            "module.lambda.aws_iam_role.lambda-function-role",
            "module.lambda.aws_lambda_function.lambda-function",
            "module.lambda.aws_lambda_layer_version.lambda-layer",
            "module.lambda.data.archive_file.lambda-function-source",
            "module.lambda.data.archive_file.lambda-layer-source",
            "module.lambda.data.archive_file.typescript-source",
            "module.lambda.data.aws_caller_identity.current",
            "module.lambda.data.aws_region.current",
            "module.lambda.module.lambda-function-name.random_id.this",
            "module.lambda.module.lambda-layer-name.random_id.this",
            "module.lambda.null_resource.lambda-function-source-builder",
            "module.lambda.null_resource.lambda-layer-source-builder"
          ]
        }
      ]
    },
    {
      "module": "module.api_gateway",
      "mode": "managed",
      "type": "aws_api_gateway_integration",
      "name": "KC_api_gateway_integrationproductpost",
      "provider": "provider[\"registry.terraform.io/hashicorp/aws\"]",
      "instances": [
        {
          "schema_version": 0,
          "attributes": {
            "cache_key_parameters": [],
            "cache_namespace": "rp4kzg",
            "connection_id": "",
            "connection_type": "INTERNET",
            "content_handling": "",
            "credentials": "",
            "http_method": "POST",
            "id": "agi-2ibeqkgyk6-rp4kzg-POST",
            "integration_http_method": "POST",
            "passthrough_behavior": "WHEN_NO_MATCH",
            "request_parameters": {},
            "request_templates": {},
            "resource_id": "rp4kzg",
            "rest_api_id": "2ibeqkgyk6",
            "timeout_milliseconds": 29000,
            "tls_config": [],
            "type": "AWS_PROXY",
            "uri": "arn:aws:apigateway:us-east-1:lambda:path/2015-03-31/functions/arn:aws:lambda:us-east-1:356053176662:function:api-my-api-dev-createProduct-3c32d69798579664/invocations"
          },
          "sensitive_attributes": [],
          "private": "bnVsbA==",
          "dependencies": [
            "module.api_gateway.aws_api_gateway_method.post_product_form",
            "module.api_gateway.aws_api_gateway_resource.productResource",
            "module.api_gateway.aws_api_gateway_rest_api.KC_api_gateway",
            "module.lambda.aws_iam_role.lambda-function-role",
            "module.lambda.aws_lambda_function.lambda-function",
            "module.lambda.aws_lambda_layer_version.lambda-layer",
            "module.lambda.data.archive_file.lambda-function-source",
            "module.lambda.data.archive_file.lambda-layer-source",
            "module.lambda.data.archive_file.typescript-source",
            "module.lambda.data.aws_caller_identity.current",
            "module.lambda.data.aws_region.current",
            "module.lambda.module.lambda-function-name.random_id.this",
            "module.lambda.module.lambda-layer-name.random_id.this",
            "module.lambda.null_resource.lambda-function-source-builder",
            "module.lambda.null_resource.lambda-layer-source-builder"
          ]
        }
      ]
    },
    {
      "module": "module.api_gateway",
      "mode": "managed",
      "type": "aws_api_gateway_integration",
      "name": "KC_api_gateway_integrationuserdelete",
      "provider": "provider[\"registry.terraform.io/hashicorp/aws\"]",
      "instances": [
        {
          "schema_version": 0,
          "attributes": {
            "cache_key_parameters": [],
            "cache_namespace": "kese70",
            "connection_id": "",
            "connection_type": "INTERNET",
            "content_handling": "",
            "credentials": "",
            "http_method": "DELETE",
            "id": "agi-2ibeqkgyk6-kese70-DELETE",
            "integration_http_method": "DELETE",
            "passthrough_behavior": "WHEN_NO_MATCH",
            "request_parameters": {},
            "request_templates": {},
            "resource_id": "kese70",
            "rest_api_id": "2ibeqkgyk6",
            "timeout_milliseconds": 29000,
            "tls_config": [],
            "type": "AWS_PROXY",
            "uri": "arn:aws:apigateway:us-east-1:lambda:path/2015-03-31/functions/arn:aws:lambda:us-east-1:356053176662:function:api-my-api-dev-deleteUser-759337a796385675/invocations"
          },
          "sensitive_attributes": [],
          "private": "bnVsbA==",
          "dependencies": [
            "module.api_gateway.aws_api_gateway_method.delete_user_form",
            "module.api_gateway.aws_api_gateway_resource.userResource",
            "module.api_gateway.aws_api_gateway_rest_api.KC_api_gateway",
            "module.lambda.aws_iam_role.lambda-function-role",
            "module.lambda.aws_lambda_function.lambda-function",
            "module.lambda.aws_lambda_layer_version.lambda-layer",
            "module.lambda.data.archive_file.lambda-function-source",
            "module.lambda.data.archive_file.lambda-layer-source",
            "module.lambda.data.archive_file.typescript-source",
            "module.lambda.data.aws_caller_identity.current",
            "module.lambda.data.aws_region.current",
            "module.lambda.module.lambda-function-name.random_id.this",
            "module.lambda.module.lambda-layer-name.random_id.this",
            "module.lambda.null_resource.lambda-function-source-builder",
            "module.lambda.null_resource.lambda-layer-source-builder"
          ]
        }
      ]
    },
    {
      "module": "module.api_gateway",
      "mode": "managed",
      "type": "aws_api_gateway_integration",
      "name": "KC_api_gateway_integrationuserpost",
      "provider": "provider[\"registry.terraform.io/hashicorp/aws\"]",
      "instances": [
        {
          "schema_version": 0,
          "attributes": {
            "cache_key_parameters": [],
            "cache_namespace": "kese70",
            "connection_id": "",
            "connection_type": "INTERNET",
            "content_handling": "",
            "credentials": "",
            "http_method": "POST",
            "id": "agi-2ibeqkgyk6-kese70-POST",
            "integration_http_method": "POST",
            "passthrough_behavior": "WHEN_NO_MATCH",
            "request_parameters": {},
            "request_templates": {},
            "resource_id": "kese70",
            "rest_api_id": "2ibeqkgyk6",
            "timeout_milliseconds": 29000,
            "tls_config": [],
            "type": "AWS_PROXY",
            "uri": "arn:aws:apigateway:us-east-1:lambda:path/2015-03-31/functions/arn:aws:lambda:us-east-1:356053176662:function:api-my-api-dev-createUser-8292d1a5d573b213/invocations"
          },
          "sensitive_attributes": [],
          "private": "bnVsbA==",
          "dependencies": [
            "module.api_gateway.aws_api_gateway_method.post_user_form",
            "module.api_gateway.aws_api_gateway_resource.userResource",
            "module.api_gateway.aws_api_gateway_rest_api.KC_api_gateway",
            "module.lambda.aws_iam_role.lambda-function-role",
            "module.lambda.aws_lambda_function.lambda-function",
            "module.lambda.aws_lambda_layer_version.lambda-layer",
            "module.lambda.data.archive_file.lambda-function-source",
            "module.lambda.data.archive_file.lambda-layer-source",
            "module.lambda.data.archive_file.typescript-source",
            "module.lambda.data.aws_caller_identity.current",
            "module.lambda.data.aws_region.current",
            "module.lambda.module.lambda-function-name.random_id.this",
            "module.lambda.module.lambda-layer-name.random_id.this",
            "module.lambda.null_resource.lambda-function-source-builder",
            "module.lambda.null_resource.lambda-layer-source-builder"
          ]
        }
      ]
    },
    {
      "module": "module.api_gateway",
      "mode": "managed",
      "type": "aws_api_gateway_method",
      "name": "delete_product_form",
      "provider": "provider[\"registry.terraform.io/hashicorp/aws\"]",
      "instances": [
        {
          "schema_version": 0,
          "attributes": {
            "api_key_required": false,
            "authorization": "NONE",
            "authorization_scopes": [],
            "authorizer_id": "",
            "http_method": "DELETE",
            "id": "agm-2ibeqkgyk6-rp4kzg-DELETE",
            "operation_name": "",
            "request_models": {},
            "request_parameters": {},
            "request_validator_id": "",
            "resource_id": "rp4kzg",
            "rest_api_id": "2ibeqkgyk6"
          },
          "sensitive_attributes": [],
          "private": "bnVsbA==",
          "dependencies": [
            "module.api_gateway.aws_api_gateway_resource.productResource",
            "module.api_gateway.aws_api_gateway_rest_api.KC_api_gateway"
          ]
        }
      ]
    },
    {
      "module": "module.api_gateway",
      "mode": "managed",
      "type": "aws_api_gateway_method",
      "name": "delete_user_form",
      "provider": "provider[\"registry.terraform.io/hashicorp/aws\"]",
      "instances": [
        {
          "schema_version": 0,
          "attributes": {
            "api_key_required": false,
            "authorization": "NONE",
            "authorization_scopes": [],
            "authorizer_id": "",
            "http_method": "DELETE",
            "id": "agm-2ibeqkgyk6-kese70-DELETE",
            "operation_name": "",
            "request_models": {},
            "request_parameters": {},
            "request_validator_id": "",
            "resource_id": "kese70",
            "rest_api_id": "2ibeqkgyk6"
          },
          "sensitive_attributes": [],
          "private": "bnVsbA==",
          "dependencies": [
            "module.api_gateway.aws_api_gateway_resource.userResource",
            "module.api_gateway.aws_api_gateway_rest_api.KC_api_gateway"
          ]
        }
      ]
    },
    {
      "module": "module.api_gateway",
      "mode": "managed",
      "type": "aws_api_gateway_method",
      "name": "get_order_form",
      "provider": "provider[\"registry.terraform.io/hashicorp/aws\"]",
      "instances": [
        {
          "schema_version": 0,
          "attributes": {
            "api_key_required": false,
            "authorization": "NONE",
            "authorization_scopes": [],
            "authorizer_id": "",
            "http_method": "GET",
            "id": "agm-2ibeqkgyk6-mz0x9c-GET",
            "operation_name": "",
            "request_models": {},
            "request_parameters": {},
            "request_validator_id": "",
            "resource_id": "mz0x9c",
            "rest_api_id": "2ibeqkgyk6"
          },
          "sensitive_attributes": [],
          "private": "bnVsbA==",
          "dependencies": [
            "module.api_gateway.aws_api_gateway_resource.orderResource",
            "module.api_gateway.aws_api_gateway_rest_api.KC_api_gateway"
          ]
        }
      ]
    },
    {
      "module": "module.api_gateway",
      "mode": "managed",
      "type": "aws_api_gateway_method",
      "name": "list_orders_form",
      "provider": "provider[\"registry.terraform.io/hashicorp/aws\"]",
      "instances": [
        {
          "schema_version": 0,
          "attributes": {
            "api_key_required": false,
            "authorization": "NONE",
            "authorization_scopes": [],
            "authorizer_id": "",
            "http_method": "GET",
            "id": "agm-2ibeqkgyk6-cgomcv-GET",
            "operation_name": "",
            "request_models": {},
            "request_parameters": {},
            "request_validator_id": "",
            "resource_id": "cgomcv",
            "rest_api_id": "2ibeqkgyk6"
          },
          "sensitive_attributes": [],
          "private": "bnVsbA==",
          "dependencies": [
            "module.api_gateway.aws_api_gateway_resource.ordersResource",
            "module.api_gateway.aws_api_gateway_rest_api.KC_api_gateway"
          ]
        }
      ]
    },
    {
      "module": "module.api_gateway",
      "mode": "managed",
      "type": "aws_api_gateway_method",
      "name": "post_order_form",
      "provider": "provider[\"registry.terraform.io/hashicorp/aws\"]",
      "instances": [
        {
          "schema_version": 0,
          "attributes": {
            "api_key_required": false,
            "authorization": "NONE",
            "authorization_scopes": [],
            "authorizer_id": "",
            "http_method": "POST",
            "id": "agm-2ibeqkgyk6-mz0x9c-POST",
            "operation_name": "",
            "request_models": {},
            "request_parameters": {},
            "request_validator_id": "",
            "resource_id": "mz0x9c",
            "rest_api_id": "2ibeqkgyk6"
          },
          "sensitive_attributes": [],
          "private": "bnVsbA==",
          "dependencies": [
            "module.api_gateway.aws_api_gateway_resource.orderResource",
            "module.api_gateway.aws_api_gateway_rest_api.KC_api_gateway"
          ]
        }
      ]
    },
    {
      "module": "module.api_gateway",
      "mode": "managed",
      "type": "aws_api_gateway_method",
      "name": "post_product_form",
      "provider": "provider[\"registry.terraform.io/hashicorp/aws\"]",
      "instances": [
        {
          "schema_version": 0,
          "attributes": {
            "api_key_required": false,
            "authorization": "NONE",
            "authorization_scopes": [],
            "authorizer_id": "",
            "http_method": "POST",
            "id": "agm-2ibeqkgyk6-rp4kzg-POST",
            "operation_name": "",
            "request_models": {},
            "request_parameters": {},
            "request_validator_id": "",
            "resource_id": "rp4kzg",
            "rest_api_id": "2ibeqkgyk6"
          },
          "sensitive_attributes": [],
          "private": "bnVsbA==",
          "dependencies": [
            "module.api_gateway.aws_api_gateway_resource.productResource",
            "module.api_gateway.aws_api_gateway_rest_api.KC_api_gateway"
          ]
        }
      ]
    },
    {
      "module": "module.api_gateway",
      "mode": "managed",
      "type": "aws_api_gateway_method",
      "name": "post_user_form",
      "provider": "provider[\"registry.terraform.io/hashicorp/aws\"]",
      "instances": [
        {
          "schema_version": 0,
          "attributes": {
            "api_key_required": false,
            "authorization": "NONE",
            "authorization_scopes": [],
            "authorizer_id": "",
            "http_method": "POST",
            "id": "agm-2ibeqkgyk6-kese70-POST",
            "operation_name": "",
            "request_models": {},
            "request_parameters": {},
            "request_validator_id": "",
            "resource_id": "kese70",
            "rest_api_id": "2ibeqkgyk6"
          },
          "sensitive_attributes": [],
          "private": "bnVsbA==",
          "dependencies": [
            "module.api_gateway.aws_api_gateway_resource.userResource",
            "module.api_gateway.aws_api_gateway_rest_api.KC_api_gateway"
          ]
        }
      ]
    },
    {
      "module": "module.api_gateway",
      "mode": "managed",
      "type": "aws_api_gateway_resource",
      "name": "orderResource",
      "provider": "provider[\"registry.terraform.io/hashicorp/aws\"]",
      "instances": [
        {
          "schema_version": 0,
          "attributes": {
            "id": "mz0x9c",
            "parent_id": "qgdxxxtdjc",
            "path": "/order",
            "path_part": "order",
            "rest_api_id": "2ibeqkgyk6"
          },
          "sensitive_attributes": [],
          "private": "bnVsbA==",
          "dependencies": [
            "module.api_gateway.aws_api_gateway_rest_api.KC_api_gateway"
          ]
        }
      ]
    },
    {
      "module": "module.api_gateway",
      "mode": "managed",
      "type": "aws_api_gateway_resource",
      "name": "ordersResource",
      "provider": "provider[\"registry.terraform.io/hashicorp/aws\"]",
      "instances": [
        {
          "schema_version": 0,
          "attributes": {
            "id": "cgomcv",
            "parent_id": "qgdxxxtdjc",
            "path": "/orders",
            "path_part": "orders",
            "rest_api_id": "2ibeqkgyk6"
          },
          "sensitive_attributes": [],
          "private": "bnVsbA==",
          "dependencies": [
            "module.api_gateway.aws_api_gateway_rest_api.KC_api_gateway"
          ]
        }
      ]
    },
    {
      "module": "module.api_gateway",
      "mode": "managed",
      "type": "aws_api_gateway_resource",
      "name": "productResource",
      "provider": "provider[\"registry.terraform.io/hashicorp/aws\"]",
      "instances": [
        {
          "schema_version": 0,
          "attributes": {
            "id": "rp4kzg",
            "parent_id": "qgdxxxtdjc",
            "path": "/product",
            "path_part": "product",
            "rest_api_id": "2ibeqkgyk6"
          },
          "sensitive_attributes": [],
          "private": "bnVsbA==",
          "dependencies": [
            "module.api_gateway.aws_api_gateway_rest_api.KC_api_gateway"
          ]
        }
      ]
    },
    {
      "module": "module.api_gateway",
      "mode": "managed",
      "type": "aws_api_gateway_resource",
      "name": "userResource",
      "provider": "provider[\"registry.terraform.io/hashicorp/aws\"]",
      "instances": [
        {
          "schema_version": 0,
          "attributes": {
            "id": "kese70",
            "parent_id": "qgdxxxtdjc",
            "path": "/user",
            "path_part": "user",
            "rest_api_id": "2ibeqkgyk6"
          },
          "sensitive_attributes": [],
          "private": "bnVsbA==",
          "dependencies": [
            "module.api_gateway.aws_api_gateway_rest_api.KC_api_gateway"
          ]
        }
      ]
    },
    {
      "module": "module.api_gateway",
      "mode": "managed",
      "type": "aws_api_gateway_rest_api",
      "name": "KC_api_gateway",
      "provider": "provider[\"registry.terraform.io/hashicorp/aws\"]",
      "instances": [
        {
          "schema_version": 0,
          "attributes": {
            "api_key_source": "HEADER",
            "arn": "arn:aws:apigateway:us-east-1::/restapis/2ibeqkgyk6",
            "binary_media_types": [],
            "body": null,
            "created_date": "2022-12-06T18:26:30Z",
            "description": "",
            "disable_execute_api_endpoint": false,
            "endpoint_configuration": [
              {
                "types": [
                  "EDGE"
                ],
                "vpc_endpoint_ids": []
              }
            ],
            "execution_arn": "arn:aws:execute-api:us-east-1:356053176662:2ibeqkgyk6",
            "id": "2ibeqkgyk6",
            "minimum_compression_size": -1,
            "name": "demo-api",
            "parameters": null,
            "policy": "",
            "put_rest_api_mode": null,
            "root_resource_id": "qgdxxxtdjc",
            "tags": {},
            "tags_all": {}
          },
          "sensitive_attributes": [],
          "private": "bnVsbA=="
        }
      ]
    },
    {
      "module": "module.iam",
      "mode": "data",
      "type": "aws_iam_policy_document",
      "name": "lambda_assume_role_document",
      "provider": "provider[\"registry.terraform.io/hashicorp/aws\"]",
      "instances": [
        {
          "schema_version": 0,
          "attributes": {
            "id": "3693445097",
            "json": "{\n  \"Version\": \"2012-10-17\",\n  \"Statement\": [\n    {\n      \"Sid\": \"\",\n      \"Effect\": \"Allow\",\n      \"Action\": \"sts:AssumeRole\",\n      \"Principal\": {\n        \"Service\": \"lambda.amazonaws.com\"\n      }\n    }\n  ]\n}",
            "override_json": null,
            "override_policy_documents": null,
            "policy_id": null,
            "source_json": null,
            "source_policy_documents": null,
            "statement": [
              {
                "actions": [
                  "sts:AssumeRole"
                ],
                "condition": [],
                "effect": "Allow",
                "not_actions": [],
                "not_principals": [],
                "not_resources": [],
                "principals": [
                  {
                    "identifiers": [
                      "lambda.amazonaws.com"
                    ],
                    "type": "Service"
                  }
                ],
                "resources": [],
                "sid": ""
              }
            ],
            "version": "2012-10-17"
          },
          "sensitive_attributes": []
        }
      ]
    },
    {
      "module": "module.iam",
      "mode": "managed",
      "type": "aws_iam_role",
      "name": "KClambda_lambda_role",
      "provider": "provider[\"registry.terraform.io/hashicorp/aws\"]",
      "instances": [
        {
          "schema_version": 0,
          "attributes": {
            "arn": "arn:aws:iam::356053176662:role/KClambda_lambda_role",
            "assume_role_policy": "{\"Statement\":[{\"Action\":\"sts:AssumeRole\",\"Effect\":\"Allow\",\"Principal\":{\"Service\":\"lambda.amazonaws.com\"},\"Sid\":\"\"}],\"Version\":\"2012-10-17\"}",
            "create_date": "2022-12-06T18:26:30Z",
            "description": "",
            "force_detach_policies": false,
            "id": "KClambda_lambda_role",
            "inline_policy": [],
            "managed_policy_arns": [],
            "max_session_duration": 3600,
            "name": "KClambda_lambda_role",
            "name_prefix": "",
            "path": "/",
            "permissions_boundary": null,
            "tags": {},
            "tags_all": {},
            "unique_id": "AROAVFZTMKFLBPRNIOF5O"
          },
          "sensitive_attributes": [],
          "private": "bnVsbA==",
          "dependencies": [
            "module.iam.data.aws_iam_policy_document.lambda_assume_role_document"
          ]
        }
      ]
    },
    {
      "module": "module.iam",
      "mode": "managed",
      "type": "aws_iam_role_policy_attachment",
      "name": "KClambda_execution",
      "provider": "provider[\"registry.terraform.io/hashicorp/aws\"]",
      "instances": [
        {
          "schema_version": 0,
          "attributes": {
            "id": "KClambda_lambda_role-20221206183542941900000002",
            "policy_arn": "arn:aws:iam::aws:policy/service-role/AWSLambdaBasicExecutionRole",
            "role": "KClambda_lambda_role"
          },
          "sensitive_attributes": [],
          "private": "bnVsbA==",
          "dependencies": [
            "module.iam.aws_iam_role.KClambda_lambda_role"
          ]
        }
      ]
    },
    {
      "module": "module.iam",
      "mode": "managed",
      "type": "aws_iam_role_policy_attachment",
      "name": "KClambda_vpc_access_execution",
      "provider": "provider[\"registry.terraform.io/hashicorp/aws\"]",
      "instances": [
        {
          "schema_version": 0,
          "attributes": {
            "id": "KClambda_lambda_role-20221206183542936000000001",
            "policy_arn": "arn:aws:iam::aws:policy/service-role/AWSLambdaVPCAccessExecutionRole",
            "role": "KClambda_lambda_role"
          },
          "sensitive_attributes": [],
          "private": "bnVsbA==",
          "dependencies": [
            "module.iam.aws_iam_role.KClambda_lambda_role"
          ]
        }
      ]
    },
    {
      "module": "module.iam",
      "mode": "managed",
      "type": "aws_lambda_permission",
      "name": "lambda_apigateway_permission",
      "provider": "provider[\"registry.terraform.io/hashicorp/aws\"]",
      "instances": [
        {
          "index_key": "createOrder",
          "schema_version": 0,
          "attributes": {
            "action": "lambda:InvokeFunction",
            "event_source_token": null,
            "function_name": "api-my-api-dev-createOrder-fd62e0c699ddbb83",
            "function_url_auth_type": null,
            "id": "AllowAPIGatewayInvoke",
            "principal": "apigateway.amazonaws.com",
            "principal_org_id": null,
            "qualifier": "",
            "source_account": null,
            "source_arn": "arn:aws:execute-api:us-east-1:356053176662:2ibeqkgyk6/stage_api/*/*",
            "statement_id": "AllowAPIGatewayInvoke",
            "statement_id_prefix": ""
          },
          "sensitive_attributes": [],
          "private": "bnVsbA==",
          "dependencies": [
            "module.api_gateway.aws_api_gateway_deployment.KC_api_gateway_deployment",
            "module.api_gateway.aws_api_gateway_integration.KC_api_gateway_integrationorderget",
            "module.api_gateway.aws_api_gateway_integration.KC_api_gateway_integrationorderlist",
            "module.api_gateway.aws_api_gateway_integration.KC_api_gateway_integrationorderpost",
            "module.api_gateway.aws_api_gateway_integration.KC_api_gateway_integrationproductdelete",
            "module.api_gateway.aws_api_gateway_integration.KC_api_gateway_integrationproductpost",
            "module.api_gateway.aws_api_gateway_integration.KC_api_gateway_integrationuserdelete",
            "module.api_gateway.aws_api_gateway_integration.KC_api_gateway_integrationuserpost",
            "module.api_gateway.aws_api_gateway_method.delete_product_form",
            "module.api_gateway.aws_api_gateway_method.delete_user_form",
            "module.api_gateway.aws_api_gateway_method.get_order_form",
            "module.api_gateway.aws_api_gateway_method.list_orders_form",
            "module.api_gateway.aws_api_gateway_method.post_order_form",
            "module.api_gateway.aws_api_gateway_method.post_product_form",
            "module.api_gateway.aws_api_gateway_method.post_user_form",
            "module.api_gateway.aws_api_gateway_resource.orderResource",
            "module.api_gateway.aws_api_gateway_resource.ordersResource",
            "module.api_gateway.aws_api_gateway_resource.productResource",
            "module.api_gateway.aws_api_gateway_resource.userResource",
            "module.api_gateway.aws_api_gateway_rest_api.KC_api_gateway",
            "module.lambda.aws_iam_role.lambda-function-role",
            "module.lambda.aws_lambda_function.lambda-function",
            "module.lambda.aws_lambda_layer_version.lambda-layer",
            "module.lambda.data.archive_file.lambda-function-source",
            "module.lambda.data.archive_file.lambda-layer-source",
            "module.lambda.data.archive_file.typescript-source",
            "module.lambda.data.aws_caller_identity.current",
            "module.lambda.data.aws_region.current",
            "module.lambda.module.lambda-function-name.random_id.this",
            "module.lambda.module.lambda-layer-name.random_id.this",
            "module.lambda.null_resource.lambda-function-source-builder",
            "module.lambda.null_resource.lambda-layer-source-builder"
          ]
        },
        {
          "index_key": "createProduct",
          "schema_version": 0,
          "attributes": {
            "action": "lambda:InvokeFunction",
            "event_source_token": null,
            "function_name": "api-my-api-dev-createProduct-3c32d69798579664",
            "function_url_auth_type": null,
            "id": "AllowAPIGatewayInvoke",
            "principal": "apigateway.amazonaws.com",
            "principal_org_id": null,
            "qualifier": "",
            "source_account": null,
            "source_arn": "arn:aws:execute-api:us-east-1:356053176662:2ibeqkgyk6/stage_api/*/*",
            "statement_id": "AllowAPIGatewayInvoke",
            "statement_id_prefix": ""
          },
          "sensitive_attributes": [],
          "private": "bnVsbA==",
          "dependencies": [
            "module.api_gateway.aws_api_gateway_deployment.KC_api_gateway_deployment",
            "module.api_gateway.aws_api_gateway_integration.KC_api_gateway_integrationorderget",
            "module.api_gateway.aws_api_gateway_integration.KC_api_gateway_integrationorderlist",
            "module.api_gateway.aws_api_gateway_integration.KC_api_gateway_integrationorderpost",
            "module.api_gateway.aws_api_gateway_integration.KC_api_gateway_integrationproductdelete",
            "module.api_gateway.aws_api_gateway_integration.KC_api_gateway_integrationproductpost",
            "module.api_gateway.aws_api_gateway_integration.KC_api_gateway_integrationuserdelete",
            "module.api_gateway.aws_api_gateway_integration.KC_api_gateway_integrationuserpost",
            "module.api_gateway.aws_api_gateway_method.delete_product_form",
            "module.api_gateway.aws_api_gateway_method.delete_user_form",
            "module.api_gateway.aws_api_gateway_method.get_order_form",
            "module.api_gateway.aws_api_gateway_method.list_orders_form",
            "module.api_gateway.aws_api_gateway_method.post_order_form",
            "module.api_gateway.aws_api_gateway_method.post_product_form",
            "module.api_gateway.aws_api_gateway_method.post_user_form",
            "module.api_gateway.aws_api_gateway_resource.orderResource",
            "module.api_gateway.aws_api_gateway_resource.ordersResource",
            "module.api_gateway.aws_api_gateway_resource.productResource",
            "module.api_gateway.aws_api_gateway_resource.userResource",
            "module.api_gateway.aws_api_gateway_rest_api.KC_api_gateway",
            "module.lambda.aws_iam_role.lambda-function-role",
            "module.lambda.aws_lambda_function.lambda-function",
            "module.lambda.aws_lambda_layer_version.lambda-layer",
            "module.lambda.data.archive_file.lambda-function-source",
            "module.lambda.data.archive_file.lambda-layer-source",
            "module.lambda.data.archive_file.typescript-source",
            "module.lambda.data.aws_caller_identity.current",
            "module.lambda.data.aws_region.current",
            "module.lambda.module.lambda-function-name.random_id.this",
            "module.lambda.module.lambda-layer-name.random_id.this",
            "module.lambda.null_resource.lambda-function-source-builder",
            "module.lambda.null_resource.lambda-layer-source-builder"
          ]
        },
        {
          "index_key": "createUser",
          "schema_version": 0,
          "attributes": {
            "action": "lambda:InvokeFunction",
            "event_source_token": null,
            "function_name": "api-my-api-dev-createUser-8292d1a5d573b213",
            "function_url_auth_type": null,
            "id": "AllowAPIGatewayInvoke",
            "principal": "apigateway.amazonaws.com",
            "principal_org_id": null,
            "qualifier": "",
            "source_account": null,
            "source_arn": "arn:aws:execute-api:us-east-1:356053176662:2ibeqkgyk6/stage_api/*/*",
            "statement_id": "AllowAPIGatewayInvoke",
            "statement_id_prefix": ""
          },
          "sensitive_attributes": [],
          "private": "bnVsbA==",
          "dependencies": [
            "module.api_gateway.aws_api_gateway_deployment.KC_api_gateway_deployment",
            "module.api_gateway.aws_api_gateway_integration.KC_api_gateway_integrationorderget",
            "module.api_gateway.aws_api_gateway_integration.KC_api_gateway_integrationorderlist",
            "module.api_gateway.aws_api_gateway_integration.KC_api_gateway_integrationorderpost",
            "module.api_gateway.aws_api_gateway_integration.KC_api_gateway_integrationproductdelete",
            "module.api_gateway.aws_api_gateway_integration.KC_api_gateway_integrationproductpost",
            "module.api_gateway.aws_api_gateway_integration.KC_api_gateway_integrationuserdelete",
            "module.api_gateway.aws_api_gateway_integration.KC_api_gateway_integrationuserpost",
            "module.api_gateway.aws_api_gateway_method.delete_product_form",
            "module.api_gateway.aws_api_gateway_method.delete_user_form",
            "module.api_gateway.aws_api_gateway_method.get_order_form",
            "module.api_gateway.aws_api_gateway_method.list_orders_form",
            "module.api_gateway.aws_api_gateway_method.post_order_form",
            "module.api_gateway.aws_api_gateway_method.post_product_form",
            "module.api_gateway.aws_api_gateway_method.post_user_form",
            "module.api_gateway.aws_api_gateway_resource.orderResource",
            "module.api_gateway.aws_api_gateway_resource.ordersResource",
            "module.api_gateway.aws_api_gateway_resource.productResource",
            "module.api_gateway.aws_api_gateway_resource.userResource",
            "module.api_gateway.aws_api_gateway_rest_api.KC_api_gateway",
            "module.lambda.aws_iam_role.lambda-function-role",
            "module.lambda.aws_lambda_function.lambda-function",
            "module.lambda.aws_lambda_layer_version.lambda-layer",
            "module.lambda.data.archive_file.lambda-function-source",
            "module.lambda.data.archive_file.lambda-layer-source",
            "module.lambda.data.archive_file.typescript-source",
            "module.lambda.data.aws_caller_identity.current",
            "module.lambda.data.aws_region.current",
            "module.lambda.module.lambda-function-name.random_id.this",
            "module.lambda.module.lambda-layer-name.random_id.this",
            "module.lambda.null_resource.lambda-function-source-builder",
            "module.lambda.null_resource.lambda-layer-source-builder"
          ]
        },
        {
          "index_key": "deleteProduct",
          "schema_version": 0,
          "attributes": {
            "action": "lambda:InvokeFunction",
            "event_source_token": null,
            "function_name": "api-my-api-dev-deleteProduct-bf8bdc8ed3a60f6c",
            "function_url_auth_type": null,
            "id": "AllowAPIGatewayInvoke",
            "principal": "apigateway.amazonaws.com",
            "principal_org_id": null,
            "qualifier": "",
            "source_account": null,
            "source_arn": "arn:aws:execute-api:us-east-1:356053176662:2ibeqkgyk6/stage_api/*/*",
            "statement_id": "AllowAPIGatewayInvoke",
            "statement_id_prefix": ""
          },
          "sensitive_attributes": [],
          "private": "bnVsbA==",
          "dependencies": [
            "module.api_gateway.aws_api_gateway_deployment.KC_api_gateway_deployment",
            "module.api_gateway.aws_api_gateway_integration.KC_api_gateway_integrationorderget",
            "module.api_gateway.aws_api_gateway_integration.KC_api_gateway_integrationorderlist",
            "module.api_gateway.aws_api_gateway_integration.KC_api_gateway_integrationorderpost",
            "module.api_gateway.aws_api_gateway_integration.KC_api_gateway_integrationproductdelete",
            "module.api_gateway.aws_api_gateway_integration.KC_api_gateway_integrationproductpost",
            "module.api_gateway.aws_api_gateway_integration.KC_api_gateway_integrationuserdelete",
            "module.api_gateway.aws_api_gateway_integration.KC_api_gateway_integrationuserpost",
            "module.api_gateway.aws_api_gateway_method.delete_product_form",
            "module.api_gateway.aws_api_gateway_method.delete_user_form",
            "module.api_gateway.aws_api_gateway_method.get_order_form",
            "module.api_gateway.aws_api_gateway_method.list_orders_form",
            "module.api_gateway.aws_api_gateway_method.post_order_form",
            "module.api_gateway.aws_api_gateway_method.post_product_form",
            "module.api_gateway.aws_api_gateway_method.post_user_form",
            "module.api_gateway.aws_api_gateway_resource.orderResource",
            "module.api_gateway.aws_api_gateway_resource.ordersResource",
            "module.api_gateway.aws_api_gateway_resource.productResource",
            "module.api_gateway.aws_api_gateway_resource.userResource",
            "module.api_gateway.aws_api_gateway_rest_api.KC_api_gateway",
            "module.lambda.aws_iam_role.lambda-function-role",
            "module.lambda.aws_lambda_function.lambda-function",
            "module.lambda.aws_lambda_layer_version.lambda-layer",
            "module.lambda.data.archive_file.lambda-function-source",
            "module.lambda.data.archive_file.lambda-layer-source",
            "module.lambda.data.archive_file.typescript-source",
            "module.lambda.data.aws_caller_identity.current",
            "module.lambda.data.aws_region.current",
            "module.lambda.module.lambda-function-name.random_id.this",
            "module.lambda.module.lambda-layer-name.random_id.this",
            "module.lambda.null_resource.lambda-function-source-builder",
            "module.lambda.null_resource.lambda-layer-source-builder"
          ]
        },
        {
          "index_key": "deleteUser",
          "schema_version": 0,
          "attributes": {
            "action": "lambda:InvokeFunction",
            "event_source_token": null,
            "function_name": "api-my-api-dev-deleteUser-759337a796385675",
            "function_url_auth_type": null,
            "id": "AllowAPIGatewayInvoke",
            "principal": "apigateway.amazonaws.com",
            "principal_org_id": null,
            "qualifier": "",
            "source_account": null,
            "source_arn": "arn:aws:execute-api:us-east-1:356053176662:2ibeqkgyk6/stage_api/*/*",
            "statement_id": "AllowAPIGatewayInvoke",
            "statement_id_prefix": ""
          },
          "sensitive_attributes": [],
          "private": "bnVsbA==",
          "dependencies": [
            "module.api_gateway.aws_api_gateway_deployment.KC_api_gateway_deployment",
            "module.api_gateway.aws_api_gateway_integration.KC_api_gateway_integrationorderget",
            "module.api_gateway.aws_api_gateway_integration.KC_api_gateway_integrationorderlist",
            "module.api_gateway.aws_api_gateway_integration.KC_api_gateway_integrationorderpost",
            "module.api_gateway.aws_api_gateway_integration.KC_api_gateway_integrationproductdelete",
            "module.api_gateway.aws_api_gateway_integration.KC_api_gateway_integrationproductpost",
            "module.api_gateway.aws_api_gateway_integration.KC_api_gateway_integrationuserdelete",
            "module.api_gateway.aws_api_gateway_integration.KC_api_gateway_integrationuserpost",
            "module.api_gateway.aws_api_gateway_method.delete_product_form",
            "module.api_gateway.aws_api_gateway_method.delete_user_form",
            "module.api_gateway.aws_api_gateway_method.get_order_form",
            "module.api_gateway.aws_api_gateway_method.list_orders_form",
            "module.api_gateway.aws_api_gateway_method.post_order_form",
            "module.api_gateway.aws_api_gateway_method.post_product_form",
            "module.api_gateway.aws_api_gateway_method.post_user_form",
            "module.api_gateway.aws_api_gateway_resource.orderResource",
            "module.api_gateway.aws_api_gateway_resource.ordersResource",
            "module.api_gateway.aws_api_gateway_resource.productResource",
            "module.api_gateway.aws_api_gateway_resource.userResource",
            "module.api_gateway.aws_api_gateway_rest_api.KC_api_gateway",
            "module.lambda.aws_iam_role.lambda-function-role",
            "module.lambda.aws_lambda_function.lambda-function",
            "module.lambda.aws_lambda_layer_version.lambda-layer",
            "module.lambda.data.archive_file.lambda-function-source",
            "module.lambda.data.archive_file.lambda-layer-source",
            "module.lambda.data.archive_file.typescript-source",
            "module.lambda.data.aws_caller_identity.current",
            "module.lambda.data.aws_region.current",
            "module.lambda.module.lambda-function-name.random_id.this",
            "module.lambda.module.lambda-layer-name.random_id.this",
            "module.lambda.null_resource.lambda-function-source-builder",
            "module.lambda.null_resource.lambda-layer-source-builder"
          ]
        },
        {
          "index_key": "getOrder",
          "schema_version": 0,
          "attributes": {
            "action": "lambda:InvokeFunction",
            "event_source_token": null,
            "function_name": "api-my-api-dev-getOrder-73e423851cd1a3c6",
            "function_url_auth_type": null,
            "id": "AllowAPIGatewayInvoke",
            "principal": "apigateway.amazonaws.com",
            "principal_org_id": null,
            "qualifier": "",
            "source_account": null,
            "source_arn": "arn:aws:execute-api:us-east-1:356053176662:2ibeqkgyk6/stage_api/*/*",
            "statement_id": "AllowAPIGatewayInvoke",
            "statement_id_prefix": ""
          },
          "sensitive_attributes": [],
          "private": "bnVsbA==",
          "dependencies": [
            "module.api_gateway.aws_api_gateway_deployment.KC_api_gateway_deployment",
            "module.api_gateway.aws_api_gateway_integration.KC_api_gateway_integrationorderget",
            "module.api_gateway.aws_api_gateway_integration.KC_api_gateway_integrationorderlist",
            "module.api_gateway.aws_api_gateway_integration.KC_api_gateway_integrationorderpost",
            "module.api_gateway.aws_api_gateway_integration.KC_api_gateway_integrationproductdelete",
            "module.api_gateway.aws_api_gateway_integration.KC_api_gateway_integrationproductpost",
            "module.api_gateway.aws_api_gateway_integration.KC_api_gateway_integrationuserdelete",
            "module.api_gateway.aws_api_gateway_integration.KC_api_gateway_integrationuserpost",
            "module.api_gateway.aws_api_gateway_method.delete_product_form",
            "module.api_gateway.aws_api_gateway_method.delete_user_form",
            "module.api_gateway.aws_api_gateway_method.get_order_form",
            "module.api_gateway.aws_api_gateway_method.list_orders_form",
            "module.api_gateway.aws_api_gateway_method.post_order_form",
            "module.api_gateway.aws_api_gateway_method.post_product_form",
            "module.api_gateway.aws_api_gateway_method.post_user_form",
            "module.api_gateway.aws_api_gateway_resource.orderResource",
            "module.api_gateway.aws_api_gateway_resource.ordersResource",
            "module.api_gateway.aws_api_gateway_resource.productResource",
            "module.api_gateway.aws_api_gateway_resource.userResource",
            "module.api_gateway.aws_api_gateway_rest_api.KC_api_gateway",
            "module.lambda.aws_iam_role.lambda-function-role",
            "module.lambda.aws_lambda_function.lambda-function",
            "module.lambda.aws_lambda_layer_version.lambda-layer",
            "module.lambda.data.archive_file.lambda-function-source",
            "module.lambda.data.archive_file.lambda-layer-source",
            "module.lambda.data.archive_file.typescript-source",
            "module.lambda.data.aws_caller_identity.current",
            "module.lambda.data.aws_region.current",
            "module.lambda.module.lambda-function-name.random_id.this",
            "module.lambda.module.lambda-layer-name.random_id.this",
            "module.lambda.null_resource.lambda-function-source-builder",
            "module.lambda.null_resource.lambda-layer-source-builder"
          ]
        },
        {
          "index_key": "listOrders",
          "schema_version": 0,
          "attributes": {
            "action": "lambda:InvokeFunction",
            "event_source_token": null,
            "function_name": "api-my-api-dev-listOrders-05772dec441b10f9",
            "function_url_auth_type": null,
            "id": "AllowAPIGatewayInvoke",
            "principal": "apigateway.amazonaws.com",
            "principal_org_id": null,
            "qualifier": "",
            "source_account": null,
            "source_arn": "arn:aws:execute-api:us-east-1:356053176662:2ibeqkgyk6/stage_api/*/*",
            "statement_id": "AllowAPIGatewayInvoke",
            "statement_id_prefix": ""
          },
          "sensitive_attributes": [],
          "private": "bnVsbA==",
          "dependencies": [
            "module.api_gateway.aws_api_gateway_deployment.KC_api_gateway_deployment",
            "module.api_gateway.aws_api_gateway_integration.KC_api_gateway_integrationorderget",
            "module.api_gateway.aws_api_gateway_integration.KC_api_gateway_integrationorderlist",
            "module.api_gateway.aws_api_gateway_integration.KC_api_gateway_integrationorderpost",
            "module.api_gateway.aws_api_gateway_integration.KC_api_gateway_integrationproductdelete",
            "module.api_gateway.aws_api_gateway_integration.KC_api_gateway_integrationproductpost",
            "module.api_gateway.aws_api_gateway_integration.KC_api_gateway_integrationuserdelete",
            "module.api_gateway.aws_api_gateway_integration.KC_api_gateway_integrationuserpost",
            "module.api_gateway.aws_api_gateway_method.delete_product_form",
            "module.api_gateway.aws_api_gateway_method.delete_user_form",
            "module.api_gateway.aws_api_gateway_method.get_order_form",
            "module.api_gateway.aws_api_gateway_method.list_orders_form",
            "module.api_gateway.aws_api_gateway_method.post_order_form",
            "module.api_gateway.aws_api_gateway_method.post_product_form",
            "module.api_gateway.aws_api_gateway_method.post_user_form",
            "module.api_gateway.aws_api_gateway_resource.orderResource",
            "module.api_gateway.aws_api_gateway_resource.ordersResource",
            "module.api_gateway.aws_api_gateway_resource.productResource",
            "module.api_gateway.aws_api_gateway_resource.userResource",
            "module.api_gateway.aws_api_gateway_rest_api.KC_api_gateway",
            "module.lambda.aws_iam_role.lambda-function-role",
            "module.lambda.aws_lambda_function.lambda-function",
            "module.lambda.aws_lambda_layer_version.lambda-layer",
            "module.lambda.data.archive_file.lambda-function-source",
            "module.lambda.data.archive_file.lambda-layer-source",
            "module.lambda.data.archive_file.typescript-source",
            "module.lambda.data.aws_caller_identity.current",
            "module.lambda.data.aws_region.current",
            "module.lambda.module.lambda-function-name.random_id.this",
            "module.lambda.module.lambda-layer-name.random_id.this",
            "module.lambda.null_resource.lambda-function-source-builder",
            "module.lambda.null_resource.lambda-layer-source-builder"
          ]
        }
      ]
    },
    {
      "module": "module.lambda",
      "mode": "data",
      "type": "archive_file",
      "name": "lambda-function-source",
      "provider": "provider[\"registry.terraform.io/hashicorp/archive\"]",
      "instances": [
        {
          "schema_version": 0,
          "attributes": {
            "excludes": null,
            "id": "fd68fca7a8058d6c4e9e612a86fc8d3b18a3100a",
            "output_base64sha256": "2SNXAjF8JRnwB9NQ53XSCLnG01gwY90WNztcRvbIv+g=",
            "output_file_mode": null,
            "output_md5": "be037b3f579131532ff17aa717ae6282",
            "output_path": "/tmp/356053176662/us-east-1/my-api/lambda-function-source.zip",
            "output_sha": "fd68fca7a8058d6c4e9e612a86fc8d3b18a3100a",
            "output_size": 48269,
            "source": [],
            "source_content": null,
            "source_content_filename": null,
            "source_dir": "./../dist",
            "source_file": null,
            "type": "zip"
          },
          "sensitive_attributes": []
        }
      ]
    },
    {
      "module": "module.lambda",
      "mode": "data",
      "type": "archive_file",
      "name": "lambda-layer-source",
      "provider": "provider[\"registry.terraform.io/hashicorp/archive\"]",
      "instances": [
        {
          "schema_version": 0,
          "attributes": {
            "excludes": null,
            "id": "13e109d7df97befb7d391998a5098b7c7d1f79e9",
            "output_base64sha256": "+zXbu4XVnk7OF9svmpQecUhpUZrE7GQM97Qoy8N0YHU=",
            "output_file_mode": null,
            "output_md5": "171912fc9015e9fddeccd82c8fa9dd24",
            "output_path": "/tmp/356053176662/us-east-1/my-api/lambda-layer-source-5f66230c36a9ccc6fe898e3ff7654a06.zip",
            "output_sha": "13e109d7df97befb7d391998a5098b7c7d1f79e9",
            "output_size": 5015809,
            "source": [],
            "source_content": null,
            "source_content_filename": null,
            "source_dir": "/tmp/356053176662/us-east-1/my-api/lambda-layer-source",
            "source_file": null,
            "type": "zip"
          },
          "sensitive_attributes": []
        }
      ]
    },
    {
      "module": "module.lambda",
      "mode": "data",
      "type": "archive_file",
      "name": "typescript-source",
      "provider": "provider[\"registry.terraform.io/hashicorp/archive\"]",
      "instances": [
        {
          "schema_version": 0,
          "attributes": {
            "excludes": null,
            "id": "e270493eb9fef86e76ebeecfd72ff024b1cd62fc",
            "output_base64sha256": "38Mcxslz8s1FR47p9kU7A8PqIA0XmmWhE2iVH8N8dx8=",
            "output_file_mode": null,
            "output_md5": "008d9605c9bfd36e72ed47ab8dce04f7",
            "output_path": "/tmp/356053176662/us-east-1/my-api/typescript-source.zip",
            "output_sha": "e270493eb9fef86e76ebeecfd72ff024b1cd62fc",
            "output_size": 21636,
            "source": [],
            "source_content": null,
            "source_content_filename": null,
            "source_dir": "./../src",
            "source_file": null,
            "type": "zip"
          },
          "sensitive_attributes": []
        }
      ]
    },
    {
      "module": "module.lambda",
      "mode": "data",
      "type": "aws_caller_identity",
      "name": "current",
      "provider": "provider[\"registry.terraform.io/hashicorp/aws\"]",
      "instances": [
        {
          "schema_version": 0,
          "attributes": {
            "account_id": "356053176662",
            "arn": "arn:aws:iam::356053176662:user/rankly-lambda",
            "id": "356053176662",
            "user_id": "AIDAVFZTMKFLPJLQGYXVA"
          },
          "sensitive_attributes": []
        }
      ]
    },
    {
      "module": "module.lambda",
      "mode": "data",
      "type": "aws_region",
      "name": "current",
      "provider": "provider[\"registry.terraform.io/hashicorp/aws\"]",
      "instances": [
        {
          "schema_version": 0,
          "attributes": {
            "description": "US East (N. Virginia)",
            "endpoint": "ec2.us-east-1.amazonaws.com",
            "id": "us-east-1",
            "name": "us-east-1"
          },
          "sensitive_attributes": []
        }
      ]
    },
    {
      "module": "module.lambda",
      "mode": "managed",
      "type": "aws_iam_role",
      "name": "lambda-function-role",
      "provider": "provider[\"registry.terraform.io/hashicorp/aws\"]",
      "instances": [
        {
          "index_key": "createOrder",
          "schema_version": 0,
          "attributes": {
            "arn": "arn:aws:iam::356053176662:role/ServiceRoleForLambda-api-my-api-dev-createOrder-fd62e0c699ddbb83",
            "assume_role_policy": "{\"Statement\":[{\"Action\":\"sts:AssumeRole\",\"Effect\":\"Allow\",\"Principal\":{\"Service\":\"lambda.amazonaws.com\"}}],\"Version\":\"2012-10-17\"}",
            "create_date": "2022-12-06T18:26:30Z",
            "description": "",
            "force_detach_policies": false,
            "id": "ServiceRoleForLambda-api-my-api-dev-createOrder-fd62e0c699ddbb83",
            "inline_policy": [],
            "managed_policy_arns": [],
            "max_session_duration": 3600,
            "name": "ServiceRoleForLambda-api-my-api-dev-createOrder-fd62e0c699ddbb83",
            "name_prefix": "",
            "path": "/",
            "permissions_boundary": null,
            "tags": {
              "Environment": "dev",
              "Name": "api-my-api-dev",
              "Service": "my-api",
              "ServiceDomain": "api",
              "ServiceName": "my-api",
              "ServiceVersion": "1.0.0"
            },
            "tags_all": {
              "Environment": "dev",
              "Name": "api-my-api-dev",
              "Service": "my-api",
              "ServiceDomain": "api",
              "ServiceName": "my-api",
              "ServiceVersion": "1.0.0"
            },
            "unique_id": "AROAVFZTMKFLDUI3PUTD3"
          },
          "sensitive_attributes": [],
          "private": "bnVsbA==",
          "dependencies": [
            "module.lambda.module.lambda-function-name.random_id.this"
          ]
        },
        {
          "index_key": "createProduct",
          "schema_version": 0,
          "attributes": {
            "arn": "arn:aws:iam::356053176662:role/ServiceRoleForLambda-api-my-api-dev-createProduct-3c32d697985796",
            "assume_role_policy": "{\"Statement\":[{\"Action\":\"sts:AssumeRole\",\"Effect\":\"Allow\",\"Principal\":{\"Service\":\"lambda.amazonaws.com\"}}],\"Version\":\"2012-10-17\"}",
            "create_date": "2022-12-06T18:26:30Z",
            "description": "",
            "force_detach_policies": false,
            "id": "ServiceRoleForLambda-api-my-api-dev-createProduct-3c32d697985796",
            "inline_policy": [],
            "managed_policy_arns": [],
            "max_session_duration": 3600,
            "name": "ServiceRoleForLambda-api-my-api-dev-createProduct-3c32d697985796",
            "name_prefix": "",
            "path": "/",
            "permissions_boundary": null,
            "tags": {
              "Environment": "dev",
              "Name": "api-my-api-dev",
              "Service": "my-api",
              "ServiceDomain": "api",
              "ServiceName": "my-api",
              "ServiceVersion": "1.0.0"
            },
            "tags_all": {
              "Environment": "dev",
              "Name": "api-my-api-dev",
              "Service": "my-api",
              "ServiceDomain": "api",
              "ServiceName": "my-api",
              "ServiceVersion": "1.0.0"
            },
            "unique_id": "AROAVFZTMKFLFO36YUN4T"
          },
          "sensitive_attributes": [],
          "private": "bnVsbA==",
          "dependencies": [
            "module.lambda.module.lambda-function-name.random_id.this"
          ]
        },
        {
          "index_key": "createUser",
          "schema_version": 0,
          "attributes": {
            "arn": "arn:aws:iam::356053176662:role/ServiceRoleForLambda-api-my-api-dev-createUser-8292d1a5d573b213",
            "assume_role_policy": "{\"Statement\":[{\"Action\":\"sts:AssumeRole\",\"Effect\":\"Allow\",\"Principal\":{\"Service\":\"lambda.amazonaws.com\"}}],\"Version\":\"2012-10-17\"}",
            "create_date": "2022-12-06T18:26:30Z",
            "description": "",
            "force_detach_policies": false,
            "id": "ServiceRoleForLambda-api-my-api-dev-createUser-8292d1a5d573b213",
            "inline_policy": [],
            "managed_policy_arns": [],
            "max_session_duration": 3600,
            "name": "ServiceRoleForLambda-api-my-api-dev-createUser-8292d1a5d573b213",
            "name_prefix": "",
            "path": "/",
            "permissions_boundary": null,
            "tags": {
              "Environment": "dev",
              "Name": "api-my-api-dev",
              "Service": "my-api",
              "ServiceDomain": "api",
              "ServiceName": "my-api",
              "ServiceVersion": "1.0.0"
            },
            "tags_all": {
              "Environment": "dev",
              "Name": "api-my-api-dev",
              "Service": "my-api",
              "ServiceDomain": "api",
              "ServiceName": "my-api",
              "ServiceVersion": "1.0.0"
            },
            "unique_id": "AROAVFZTMKFLB3HYWSWXT"
          },
          "sensitive_attributes": [],
          "private": "bnVsbA==",
          "dependencies": [
            "module.lambda.module.lambda-function-name.random_id.this"
          ]
        },
        {
          "index_key": "deleteProduct",
          "schema_version": 0,
          "attributes": {
            "arn": "arn:aws:iam::356053176662:role/ServiceRoleForLambda-api-my-api-dev-deleteProduct-bf8bdc8ed3a60f",
            "assume_role_policy": "{\"Statement\":[{\"Action\":\"sts:AssumeRole\",\"Effect\":\"Allow\",\"Principal\":{\"Service\":\"lambda.amazonaws.com\"}}],\"Version\":\"2012-10-17\"}",
            "create_date": "2022-12-06T18:26:30Z",
            "description": "",
            "force_detach_policies": false,
            "id": "ServiceRoleForLambda-api-my-api-dev-deleteProduct-bf8bdc8ed3a60f",
            "inline_policy": [],
            "managed_policy_arns": [],
            "max_session_duration": 3600,
            "name": "ServiceRoleForLambda-api-my-api-dev-deleteProduct-bf8bdc8ed3a60f",
            "name_prefix": "",
            "path": "/",
            "permissions_boundary": null,
            "tags": {
              "Environment": "dev",
              "Name": "api-my-api-dev",
              "Service": "my-api",
              "ServiceDomain": "api",
              "ServiceName": "my-api",
              "ServiceVersion": "1.0.0"
            },
            "tags_all": {
              "Environment": "dev",
              "Name": "api-my-api-dev",
              "Service": "my-api",
              "ServiceDomain": "api",
              "ServiceName": "my-api",
              "ServiceVersion": "1.0.0"
            },
            "unique_id": "AROAVFZTMKFLH5A6Z7GLD"
          },
          "sensitive_attributes": [],
          "private": "bnVsbA==",
          "dependencies": [
            "module.lambda.module.lambda-function-name.random_id.this"
          ]
        },
        {
          "index_key": "deleteUser",
          "schema_version": 0,
          "attributes": {
            "arn": "arn:aws:iam::356053176662:role/ServiceRoleForLambda-api-my-api-dev-deleteUser-759337a796385675",
            "assume_role_policy": "{\"Statement\":[{\"Action\":\"sts:AssumeRole\",\"Effect\":\"Allow\",\"Principal\":{\"Service\":\"lambda.amazonaws.com\"}}],\"Version\":\"2012-10-17\"}",
            "create_date": "2022-12-06T18:26:30Z",
            "description": "",
            "force_detach_policies": false,
            "id": "ServiceRoleForLambda-api-my-api-dev-deleteUser-759337a796385675",
            "inline_policy": [],
            "managed_policy_arns": [],
            "max_session_duration": 3600,
            "name": "ServiceRoleForLambda-api-my-api-dev-deleteUser-759337a796385675",
            "name_prefix": "",
            "path": "/",
            "permissions_boundary": null,
            "tags": {
              "Environment": "dev",
              "Name": "api-my-api-dev",
              "Service": "my-api",
              "ServiceDomain": "api",
              "ServiceName": "my-api",
              "ServiceVersion": "1.0.0"
            },
            "tags_all": {
              "Environment": "dev",
              "Name": "api-my-api-dev",
              "Service": "my-api",
              "ServiceDomain": "api",
              "ServiceName": "my-api",
              "ServiceVersion": "1.0.0"
            },
            "unique_id": "AROAVFZTMKFLIRNT5CHO5"
          },
          "sensitive_attributes": [],
          "private": "bnVsbA==",
          "dependencies": [
            "module.lambda.module.lambda-function-name.random_id.this"
          ]
        },
        {
          "index_key": "getOrder",
          "schema_version": 0,
          "attributes": {
            "arn": "arn:aws:iam::356053176662:role/ServiceRoleForLambda-api-my-api-dev-getOrder-73e423851cd1a3c6",
            "assume_role_policy": "{\"Statement\":[{\"Action\":\"sts:AssumeRole\",\"Effect\":\"Allow\",\"Principal\":{\"Service\":\"lambda.amazonaws.com\"}}],\"Version\":\"2012-10-17\"}",
            "create_date": "2022-12-06T18:26:30Z",
            "description": "",
            "force_detach_policies": false,
            "id": "ServiceRoleForLambda-api-my-api-dev-getOrder-73e423851cd1a3c6",
            "inline_policy": [],
            "managed_policy_arns": [],
            "max_session_duration": 3600,
            "name": "ServiceRoleForLambda-api-my-api-dev-getOrder-73e423851cd1a3c6",
            "name_prefix": "",
            "path": "/",
            "permissions_boundary": null,
            "tags": {
              "Environment": "dev",
              "Name": "api-my-api-dev",
              "Service": "my-api",
              "ServiceDomain": "api",
              "ServiceName": "my-api",
              "ServiceVersion": "1.0.0"
            },
            "tags_all": {
              "Environment": "dev",
              "Name": "api-my-api-dev",
              "Service": "my-api",
              "ServiceDomain": "api",
              "ServiceName": "my-api",
              "ServiceVersion": "1.0.0"
            },
            "unique_id": "AROAVFZTMKFLGJZEWLGKD"
          },
          "sensitive_attributes": [],
          "private": "bnVsbA==",
          "dependencies": [
            "module.lambda.module.lambda-function-name.random_id.this"
          ]
        },
        {
          "index_key": "listOrders",
          "schema_version": 0,
          "attributes": {
            "arn": "arn:aws:iam::356053176662:role/ServiceRoleForLambda-api-my-api-dev-listOrders-05772dec441b10f9",
            "assume_role_policy": "{\"Statement\":[{\"Action\":\"sts:AssumeRole\",\"Effect\":\"Allow\",\"Principal\":{\"Service\":\"lambda.amazonaws.com\"}}],\"Version\":\"2012-10-17\"}",
            "create_date": "2022-12-06T18:26:30Z",
            "description": "",
            "force_detach_policies": false,
            "id": "ServiceRoleForLambda-api-my-api-dev-listOrders-05772dec441b10f9",
            "inline_policy": [],
            "managed_policy_arns": [],
            "max_session_duration": 3600,
            "name": "ServiceRoleForLambda-api-my-api-dev-listOrders-05772dec441b10f9",
            "name_prefix": "",
            "path": "/",
            "permissions_boundary": null,
            "tags": {
              "Environment": "dev",
              "Name": "api-my-api-dev",
              "Service": "my-api",
              "ServiceDomain": "api",
              "ServiceName": "my-api",
              "ServiceVersion": "1.0.0"
            },
            "tags_all": {
              "Environment": "dev",
              "Name": "api-my-api-dev",
              "Service": "my-api",
              "ServiceDomain": "api",
              "ServiceName": "my-api",
              "ServiceVersion": "1.0.0"
            },
            "unique_id": "AROAVFZTMKFLOVI6DIEPW"
          },
          "sensitive_attributes": [],
          "private": "bnVsbA==",
          "dependencies": [
            "module.lambda.module.lambda-function-name.random_id.this"
          ]
        }
      ]
    },
    {
      "module": "module.lambda",
      "mode": "managed",
      "type": "aws_lambda_function",
      "name": "lambda-function",
      "provider": "provider[\"registry.terraform.io/hashicorp/aws\"]",
      "instances": [
        {
          "index_key": "createOrder",
          "schema_version": 0,
          "attributes": {
            "architectures": [
              "x86_64"
            ],
            "arn": "arn:aws:lambda:us-east-1:356053176662:function:api-my-api-dev-createOrder-fd62e0c699ddbb83",
            "code_signing_config_arn": "",
            "dead_letter_config": [],
            "description": "",
            "environment": [
              {
                "variables": {
                  "FUNCTION_NAME": "createOrder",
                  "SERVICE_DOMAIN": "api",
                  "SERVICE_ENVIRONMENT": "dev",
                  "SERVICE_NAME": "my-api"
                }
              }
            ],
            "ephemeral_storage": [
              {
                "size": 512
              }
            ],
            "file_system_config": [],
            "filename": "/tmp/356053176662/us-east-1/my-api/lambda-function-source.zip",
            "function_name": "api-my-api-dev-createOrder-fd62e0c699ddbb83",
            "handler": "index.handler",
            "id": "api-my-api-dev-createOrder-fd62e0c699ddbb83",
            "image_config": [],
            "image_uri": "",
            "invoke_arn": "arn:aws:apigateway:us-east-1:lambda:path/2015-03-31/functions/arn:aws:lambda:us-east-1:356053176662:function:api-my-api-dev-createOrder-fd62e0c699ddbb83/invocations",
            "kms_key_arn": "",
            "last_modified": "2022-12-06T18:37:51.000+0000",
            "layers": [
              "arn:aws:lambda:us-east-1:356053176662:layer:api-my-api-dev-layer-40f6af85d3376dae:1"
            ],
            "memory_size": 128,
            "package_type": "Zip",
            "publish": false,
            "qualified_arn": "arn:aws:lambda:us-east-1:356053176662:function:api-my-api-dev-createOrder-fd62e0c699ddbb83:$LATEST",
            "qualified_invoke_arn": "arn:aws:apigateway:us-east-1:lambda:path/2015-03-31/functions/arn:aws:lambda:us-east-1:356053176662:function:api-my-api-dev-createOrder-fd62e0c699ddbb83:$LATEST/invocations",
            "reserved_concurrent_executions": -1,
            "role": "arn:aws:iam::356053176662:role/ServiceRoleForLambda-api-my-api-dev-createOrder-fd62e0c699ddbb83",
            "runtime": "nodejs14.x",
            "s3_bucket": null,
            "s3_key": null,
            "s3_object_version": null,
            "signing_job_arn": "",
            "signing_profile_version_arn": "",
            "source_code_hash": "2SNXAjF8JRnwB9NQ53XSCLnG01gwY90WNztcRvbIv+g=",
            "source_code_size": 48269,
            "tags": {
              "Environment": "dev",
              "Name": "api-my-api-dev",
              "Service": "my-api",
              "ServiceDomain": "api",
              "ServiceName": "my-api",
              "ServiceVersion": "1.0.0"
            },
            "tags_all": {
              "Environment": "dev",
              "Name": "api-my-api-dev",
              "Service": "my-api",
              "ServiceDomain": "api",
              "ServiceName": "my-api",
              "ServiceVersion": "1.0.0"
            },
            "timeout": 60,
            "timeouts": null,
            "tracing_config": [
              {
                "mode": "PassThrough"
              }
            ],
            "version": "$LATEST",
            "vpc_config": []
          },
          "sensitive_attributes": [],
          "private": "eyJlMmJmYjczMC1lY2FhLTExZTYtOGY4OC0zNDM2M2JjN2M0YzAiOnsiY3JlYXRlIjo2MDAwMDAwMDAwMDB9fQ==",
          "dependencies": [
            "module.lambda.aws_iam_role.lambda-function-role",
            "module.lambda.aws_lambda_layer_version.lambda-layer",
            "module.lambda.data.archive_file.lambda-function-source",
            "module.lambda.data.archive_file.typescript-source",
            "module.lambda.data.aws_caller_identity.current",
            "module.lambda.data.aws_region.current",
            "module.lambda.module.lambda-function-name.random_id.this",
            "module.lambda.null_resource.lambda-function-source-builder"
          ]
        },
        {
          "index_key": "createProduct",
          "schema_version": 0,
          "attributes": {
            "architectures": [
              "x86_64"
            ],
            "arn": "arn:aws:lambda:us-east-1:356053176662:function:api-my-api-dev-createProduct-3c32d69798579664",
            "code_signing_config_arn": "",
            "dead_letter_config": [],
            "description": "",
            "environment": [
              {
                "variables": {
                  "FUNCTION_NAME": "createProduct",
                  "SERVICE_DOMAIN": "api",
                  "SERVICE_ENVIRONMENT": "dev",
                  "SERVICE_NAME": "my-api"
                }
              }
            ],
            "ephemeral_storage": [
              {
                "size": 512
              }
            ],
            "file_system_config": [],
            "filename": "/tmp/356053176662/us-east-1/my-api/lambda-function-source.zip",
            "function_name": "api-my-api-dev-createProduct-3c32d69798579664",
            "handler": "index.handler",
            "id": "api-my-api-dev-createProduct-3c32d69798579664",
            "image_config": [],
            "image_uri": "",
            "invoke_arn": "arn:aws:apigateway:us-east-1:lambda:path/2015-03-31/functions/arn:aws:lambda:us-east-1:356053176662:function:api-my-api-dev-createProduct-3c32d69798579664/invocations",
            "kms_key_arn": "",
            "last_modified": "2022-12-06T18:38:11.000+0000",
            "layers": [
              "arn:aws:lambda:us-east-1:356053176662:layer:api-my-api-dev-layer-40f6af85d3376dae:1"
            ],
            "memory_size": 128,
            "package_type": "Zip",
            "publish": false,
            "qualified_arn": "arn:aws:lambda:us-east-1:356053176662:function:api-my-api-dev-createProduct-3c32d69798579664:$LATEST",
            "qualified_invoke_arn": "arn:aws:apigateway:us-east-1:lambda:path/2015-03-31/functions/arn:aws:lambda:us-east-1:356053176662:function:api-my-api-dev-createProduct-3c32d69798579664:$LATEST/invocations",
            "reserved_concurrent_executions": -1,
            "role": "arn:aws:iam::356053176662:role/ServiceRoleForLambda-api-my-api-dev-createProduct-3c32d697985796",
            "runtime": "nodejs14.x",
            "s3_bucket": null,
            "s3_key": null,
            "s3_object_version": null,
            "signing_job_arn": "",
            "signing_profile_version_arn": "",
            "source_code_hash": "2SNXAjF8JRnwB9NQ53XSCLnG01gwY90WNztcRvbIv+g=",
            "source_code_size": 48269,
            "tags": {
              "Environment": "dev",
              "Name": "api-my-api-dev",
              "Service": "my-api",
              "ServiceDomain": "api",
              "ServiceName": "my-api",
              "ServiceVersion": "1.0.0"
            },
            "tags_all": {
              "Environment": "dev",
              "Name": "api-my-api-dev",
              "Service": "my-api",
              "ServiceDomain": "api",
              "ServiceName": "my-api",
              "ServiceVersion": "1.0.0"
            },
            "timeout": 60,
            "timeouts": null,
            "tracing_config": [
              {
                "mode": "PassThrough"
              }
            ],
            "version": "$LATEST",
            "vpc_config": []
          },
          "sensitive_attributes": [],
          "private": "eyJlMmJmYjczMC1lY2FhLTExZTYtOGY4OC0zNDM2M2JjN2M0YzAiOnsiY3JlYXRlIjo2MDAwMDAwMDAwMDB9fQ==",
          "dependencies": [
            "module.lambda.aws_iam_role.lambda-function-role",
            "module.lambda.aws_lambda_layer_version.lambda-layer",
            "module.lambda.data.archive_file.lambda-function-source",
            "module.lambda.data.archive_file.typescript-source",
            "module.lambda.data.aws_caller_identity.current",
            "module.lambda.data.aws_region.current",
            "module.lambda.module.lambda-function-name.random_id.this",
            "module.lambda.null_resource.lambda-function-source-builder"
          ]
        },
        {
          "index_key": "createUser",
          "schema_version": 0,
          "attributes": {
            "architectures": [
              "x86_64"
            ],
            "arn": "arn:aws:lambda:us-east-1:356053176662:function:api-my-api-dev-createUser-8292d1a5d573b213",
            "code_signing_config_arn": "",
            "dead_letter_config": [],
            "description": "",
            "environment": [
              {
                "variables": {
                  "FUNCTION_NAME": "createUser",
                  "SERVICE_DOMAIN": "api",
                  "SERVICE_ENVIRONMENT": "dev",
                  "SERVICE_NAME": "my-api"
                }
              }
            ],
            "ephemeral_storage": [
              {
                "size": 512
              }
            ],
            "file_system_config": [],
            "filename": "/tmp/356053176662/us-east-1/my-api/lambda-function-source.zip",
            "function_name": "api-my-api-dev-createUser-8292d1a5d573b213",
            "handler": "index.handler",
            "id": "api-my-api-dev-createUser-8292d1a5d573b213",
            "image_config": [],
            "image_uri": "",
            "invoke_arn": "arn:aws:apigateway:us-east-1:lambda:path/2015-03-31/functions/arn:aws:lambda:us-east-1:356053176662:function:api-my-api-dev-createUser-8292d1a5d573b213/invocations",
            "kms_key_arn": "",
            "last_modified": "2022-12-06T18:38:44.000+0000",
            "layers": [
              "arn:aws:lambda:us-east-1:356053176662:layer:api-my-api-dev-layer-40f6af85d3376dae:1"
            ],
            "memory_size": 128,
            "package_type": "Zip",
            "publish": false,
            "qualified_arn": "arn:aws:lambda:us-east-1:356053176662:function:api-my-api-dev-createUser-8292d1a5d573b213:$LATEST",
            "qualified_invoke_arn": "arn:aws:apigateway:us-east-1:lambda:path/2015-03-31/functions/arn:aws:lambda:us-east-1:356053176662:function:api-my-api-dev-createUser-8292d1a5d573b213:$LATEST/invocations",
            "reserved_concurrent_executions": -1,
            "role": "arn:aws:iam::356053176662:role/ServiceRoleForLambda-api-my-api-dev-createUser-8292d1a5d573b213",
            "runtime": "nodejs14.x",
            "s3_bucket": null,
            "s3_key": null,
            "s3_object_version": null,
            "signing_job_arn": "",
            "signing_profile_version_arn": "",
            "source_code_hash": "2SNXAjF8JRnwB9NQ53XSCLnG01gwY90WNztcRvbIv+g=",
            "source_code_size": 48269,
            "tags": {
              "Environment": "dev",
              "Name": "api-my-api-dev",
              "Service": "my-api",
              "ServiceDomain": "api",
              "ServiceName": "my-api",
              "ServiceVersion": "1.0.0"
            },
            "tags_all": {
              "Environment": "dev",
              "Name": "api-my-api-dev",
              "Service": "my-api",
              "ServiceDomain": "api",
              "ServiceName": "my-api",
              "ServiceVersion": "1.0.0"
            },
            "timeout": 60,
            "timeouts": null,
            "tracing_config": [
              {
                "mode": "PassThrough"
              }
            ],
            "version": "$LATEST",
            "vpc_config": []
          },
          "sensitive_attributes": [],
          "private": "eyJlMmJmYjczMC1lY2FhLTExZTYtOGY4OC0zNDM2M2JjN2M0YzAiOnsiY3JlYXRlIjo2MDAwMDAwMDAwMDB9fQ==",
          "dependencies": [
            "module.lambda.aws_iam_role.lambda-function-role",
            "module.lambda.aws_lambda_layer_version.lambda-layer",
            "module.lambda.data.archive_file.lambda-function-source",
            "module.lambda.data.archive_file.typescript-source",
            "module.lambda.data.aws_caller_identity.current",
            "module.lambda.data.aws_region.current",
            "module.lambda.module.lambda-function-name.random_id.this",
            "module.lambda.null_resource.lambda-function-source-builder"
          ]
        },
        {
          "index_key": "deleteProduct",
          "schema_version": 0,
          "attributes": {
            "architectures": [
              "x86_64"
            ],
            "arn": "arn:aws:lambda:us-east-1:356053176662:function:api-my-api-dev-deleteProduct-bf8bdc8ed3a60f6c",
            "code_signing_config_arn": "",
            "dead_letter_config": [],
            "description": "",
            "environment": [
              {
                "variables": {
                  "FUNCTION_NAME": "deleteProduct",
                  "SERVICE_DOMAIN": "api",
                  "SERVICE_ENVIRONMENT": "dev",
                  "SERVICE_NAME": "my-api"
                }
              }
            ],
            "ephemeral_storage": [
              {
                "size": 512
              }
            ],
            "file_system_config": [],
            "filename": "/tmp/356053176662/us-east-1/my-api/lambda-function-source.zip",
            "function_name": "api-my-api-dev-deleteProduct-bf8bdc8ed3a60f6c",
            "handler": "index.handler",
            "id": "api-my-api-dev-deleteProduct-bf8bdc8ed3a60f6c",
            "image_config": [],
            "image_uri": "",
            "invoke_arn": "arn:aws:apigateway:us-east-1:lambda:path/2015-03-31/functions/arn:aws:lambda:us-east-1:356053176662:function:api-my-api-dev-deleteProduct-bf8bdc8ed3a60f6c/invocations",
            "kms_key_arn": "",
            "last_modified": "2022-12-06T18:38:02.000+0000",
            "layers": [
              "arn:aws:lambda:us-east-1:356053176662:layer:api-my-api-dev-layer-40f6af85d3376dae:1"
            ],
            "memory_size": 128,
            "package_type": "Zip",
            "publish": false,
            "qualified_arn": "arn:aws:lambda:us-east-1:356053176662:function:api-my-api-dev-deleteProduct-bf8bdc8ed3a60f6c:$LATEST",
            "qualified_invoke_arn": "arn:aws:apigateway:us-east-1:lambda:path/2015-03-31/functions/arn:aws:lambda:us-east-1:356053176662:function:api-my-api-dev-deleteProduct-bf8bdc8ed3a60f6c:$LATEST/invocations",
            "reserved_concurrent_executions": -1,
            "role": "arn:aws:iam::356053176662:role/ServiceRoleForLambda-api-my-api-dev-deleteProduct-bf8bdc8ed3a60f",
            "runtime": "nodejs14.x",
            "s3_bucket": null,
            "s3_key": null,
            "s3_object_version": null,
            "signing_job_arn": "",
            "signing_profile_version_arn": "",
            "source_code_hash": "2SNXAjF8JRnwB9NQ53XSCLnG01gwY90WNztcRvbIv+g=",
            "source_code_size": 48269,
            "tags": {
              "Environment": "dev",
              "Name": "api-my-api-dev",
              "Service": "my-api",
              "ServiceDomain": "api",
              "ServiceName": "my-api",
              "ServiceVersion": "1.0.0"
            },
            "tags_all": {
              "Environment": "dev",
              "Name": "api-my-api-dev",
              "Service": "my-api",
              "ServiceDomain": "api",
              "ServiceName": "my-api",
              "ServiceVersion": "1.0.0"
            },
            "timeout": 60,
            "timeouts": null,
            "tracing_config": [
              {
                "mode": "PassThrough"
              }
            ],
            "version": "$LATEST",
            "vpc_config": []
          },
          "sensitive_attributes": [],
          "private": "eyJlMmJmYjczMC1lY2FhLTExZTYtOGY4OC0zNDM2M2JjN2M0YzAiOnsiY3JlYXRlIjo2MDAwMDAwMDAwMDB9fQ==",
          "dependencies": [
            "module.lambda.aws_iam_role.lambda-function-role",
            "module.lambda.aws_lambda_layer_version.lambda-layer",
            "module.lambda.data.archive_file.lambda-function-source",
            "module.lambda.data.archive_file.typescript-source",
            "module.lambda.data.aws_caller_identity.current",
            "module.lambda.data.aws_region.current",
            "module.lambda.module.lambda-function-name.random_id.this",
            "module.lambda.null_resource.lambda-function-source-builder"
          ]
        },
        {
          "index_key": "deleteUser",
          "schema_version": 0,
          "attributes": {
            "architectures": [
              "x86_64"
            ],
            "arn": "arn:aws:lambda:us-east-1:356053176662:function:api-my-api-dev-deleteUser-759337a796385675",
            "code_signing_config_arn": "",
            "dead_letter_config": [],
            "description": "",
            "environment": [
              {
                "variables": {
                  "FUNCTION_NAME": "deleteUser",
                  "SERVICE_DOMAIN": "api",
                  "SERVICE_ENVIRONMENT": "dev",
                  "SERVICE_NAME": "my-api"
                }
              }
            ],
            "ephemeral_storage": [
              {
                "size": 512
              }
            ],
            "file_system_config": [],
            "filename": "/tmp/356053176662/us-east-1/my-api/lambda-function-source.zip",
            "function_name": "api-my-api-dev-deleteUser-759337a796385675",
            "handler": "index.handler",
            "id": "api-my-api-dev-deleteUser-759337a796385675",
            "image_config": [],
            "image_uri": "",
            "invoke_arn": "arn:aws:apigateway:us-east-1:lambda:path/2015-03-31/functions/arn:aws:lambda:us-east-1:356053176662:function:api-my-api-dev-deleteUser-759337a796385675/invocations",
            "kms_key_arn": "",
            "last_modified": "2022-12-06T18:38:22.000+0000",
            "layers": [
              "arn:aws:lambda:us-east-1:356053176662:layer:api-my-api-dev-layer-40f6af85d3376dae:1"
            ],
            "memory_size": 128,
            "package_type": "Zip",
            "publish": false,
            "qualified_arn": "arn:aws:lambda:us-east-1:356053176662:function:api-my-api-dev-deleteUser-759337a796385675:$LATEST",
            "qualified_invoke_arn": "arn:aws:apigateway:us-east-1:lambda:path/2015-03-31/functions/arn:aws:lambda:us-east-1:356053176662:function:api-my-api-dev-deleteUser-759337a796385675:$LATEST/invocations",
            "reserved_concurrent_executions": -1,
            "role": "arn:aws:iam::356053176662:role/ServiceRoleForLambda-api-my-api-dev-deleteUser-759337a796385675",
            "runtime": "nodejs14.x",
            "s3_bucket": null,
            "s3_key": null,
            "s3_object_version": null,
            "signing_job_arn": "",
            "signing_profile_version_arn": "",
            "source_code_hash": "2SNXAjF8JRnwB9NQ53XSCLnG01gwY90WNztcRvbIv+g=",
            "source_code_size": 48269,
            "tags": {
              "Environment": "dev",
              "Name": "api-my-api-dev",
              "Service": "my-api",
              "ServiceDomain": "api",
              "ServiceName": "my-api",
              "ServiceVersion": "1.0.0"
            },
            "tags_all": {
              "Environment": "dev",
              "Name": "api-my-api-dev",
              "Service": "my-api",
              "ServiceDomain": "api",
              "ServiceName": "my-api",
              "ServiceVersion": "1.0.0"
            },
            "timeout": 60,
            "timeouts": null,
            "tracing_config": [
              {
                "mode": "PassThrough"
              }
            ],
            "version": "$LATEST",
            "vpc_config": []
          },
          "sensitive_attributes": [],
          "private": "eyJlMmJmYjczMC1lY2FhLTExZTYtOGY4OC0zNDM2M2JjN2M0YzAiOnsiY3JlYXRlIjo2MDAwMDAwMDAwMDB9fQ==",
          "dependencies": [
            "module.lambda.aws_iam_role.lambda-function-role",
            "module.lambda.aws_lambda_layer_version.lambda-layer",
            "module.lambda.data.archive_file.lambda-function-source",
            "module.lambda.data.archive_file.typescript-source",
            "module.lambda.data.aws_caller_identity.current",
            "module.lambda.data.aws_region.current",
            "module.lambda.module.lambda-function-name.random_id.this",
            "module.lambda.null_resource.lambda-function-source-builder"
          ]
        },
        {
          "index_key": "getOrder",
          "schema_version": 0,
          "attributes": {
            "architectures": [
              "x86_64"
            ],
            "arn": "arn:aws:lambda:us-east-1:356053176662:function:api-my-api-dev-getOrder-73e423851cd1a3c6",
            "code_signing_config_arn": "",
            "dead_letter_config": [],
            "description": "",
            "environment": [
              {
                "variables": {
                  "FUNCTION_NAME": "getOrder",
                  "SERVICE_DOMAIN": "api",
                  "SERVICE_ENVIRONMENT": "dev",
                  "SERVICE_NAME": "my-api"
                }
              }
            ],
            "ephemeral_storage": [
              {
                "size": 512
              }
            ],
            "file_system_config": [],
            "filename": "/tmp/356053176662/us-east-1/my-api/lambda-function-source.zip",
            "function_name": "api-my-api-dev-getOrder-73e423851cd1a3c6",
            "handler": "index.handler",
            "id": "api-my-api-dev-getOrder-73e423851cd1a3c6",
            "image_config": [],
            "image_uri": "",
            "invoke_arn": "arn:aws:apigateway:us-east-1:lambda:path/2015-03-31/functions/arn:aws:lambda:us-east-1:356053176662:function:api-my-api-dev-getOrder-73e423851cd1a3c6/invocations",
            "kms_key_arn": "",
            "last_modified": "2022-12-06T18:38:55.000+0000",
            "layers": [
              "arn:aws:lambda:us-east-1:356053176662:layer:api-my-api-dev-layer-40f6af85d3376dae:1"
            ],
            "memory_size": 128,
            "package_type": "Zip",
            "publish": false,
            "qualified_arn": "arn:aws:lambda:us-east-1:356053176662:function:api-my-api-dev-getOrder-73e423851cd1a3c6:$LATEST",
            "qualified_invoke_arn": "arn:aws:apigateway:us-east-1:lambda:path/2015-03-31/functions/arn:aws:lambda:us-east-1:356053176662:function:api-my-api-dev-getOrder-73e423851cd1a3c6:$LATEST/invocations",
            "reserved_concurrent_executions": -1,
            "role": "arn:aws:iam::356053176662:role/ServiceRoleForLambda-api-my-api-dev-getOrder-73e423851cd1a3c6",
            "runtime": "nodejs14.x",
            "s3_bucket": null,
            "s3_key": null,
            "s3_object_version": null,
            "signing_job_arn": "",
            "signing_profile_version_arn": "",
            "source_code_hash": "2SNXAjF8JRnwB9NQ53XSCLnG01gwY90WNztcRvbIv+g=",
            "source_code_size": 48269,
            "tags": {
              "Environment": "dev",
              "Name": "api-my-api-dev",
              "Service": "my-api",
              "ServiceDomain": "api",
              "ServiceName": "my-api",
              "ServiceVersion": "1.0.0"
            },
            "tags_all": {
              "Environment": "dev",
              "Name": "api-my-api-dev",
              "Service": "my-api",
              "ServiceDomain": "api",
              "ServiceName": "my-api",
              "ServiceVersion": "1.0.0"
            },
            "timeout": 60,
            "timeouts": null,
            "tracing_config": [
              {
                "mode": "PassThrough"
              }
            ],
            "version": "$LATEST",
            "vpc_config": []
          },
          "sensitive_attributes": [],
          "private": "eyJlMmJmYjczMC1lY2FhLTExZTYtOGY4OC0zNDM2M2JjN2M0YzAiOnsiY3JlYXRlIjo2MDAwMDAwMDAwMDB9fQ==",
          "dependencies": [
            "module.lambda.aws_iam_role.lambda-function-role",
            "module.lambda.aws_lambda_layer_version.lambda-layer",
            "module.lambda.data.archive_file.lambda-function-source",
            "module.lambda.data.archive_file.typescript-source",
            "module.lambda.data.aws_caller_identity.current",
            "module.lambda.data.aws_region.current",
            "module.lambda.module.lambda-function-name.random_id.this",
            "module.lambda.null_resource.lambda-function-source-builder"
          ]
        },
        {
          "index_key": "listOrders",
          "schema_version": 0,
          "attributes": {
            "architectures": [
              "x86_64"
            ],
            "arn": "arn:aws:lambda:us-east-1:356053176662:function:api-my-api-dev-listOrders-05772dec441b10f9",
            "code_signing_config_arn": "",
            "dead_letter_config": [],
            "description": "",
            "environment": [
              {
                "variables": {
                  "FUNCTION_NAME": "listOrders",
                  "SERVICE_DOMAIN": "api",
                  "SERVICE_ENVIRONMENT": "dev",
                  "SERVICE_NAME": "my-api"
                }
              }
            ],
            "ephemeral_storage": [
              {
                "size": 512
              }
            ],
            "file_system_config": [],
            "filename": "/tmp/356053176662/us-east-1/my-api/lambda-function-source.zip",
            "function_name": "api-my-api-dev-listOrders-05772dec441b10f9",
            "handler": "index.handler",
            "id": "api-my-api-dev-listOrders-05772dec441b10f9",
            "image_config": [],
            "image_uri": "",
            "invoke_arn": "arn:aws:apigateway:us-east-1:lambda:path/2015-03-31/functions/arn:aws:lambda:us-east-1:356053176662:function:api-my-api-dev-listOrders-05772dec441b10f9/invocations",
            "kms_key_arn": "",
            "last_modified": "2022-12-06T18:38:33.000+0000",
            "layers": [
              "arn:aws:lambda:us-east-1:356053176662:layer:api-my-api-dev-layer-40f6af85d3376dae:1"
            ],
            "memory_size": 128,
            "package_type": "Zip",
            "publish": false,
            "qualified_arn": "arn:aws:lambda:us-east-1:356053176662:function:api-my-api-dev-listOrders-05772dec441b10f9:$LATEST",
            "qualified_invoke_arn": "arn:aws:apigateway:us-east-1:lambda:path/2015-03-31/functions/arn:aws:lambda:us-east-1:356053176662:function:api-my-api-dev-listOrders-05772dec441b10f9:$LATEST/invocations",
            "reserved_concurrent_executions": -1,
            "role": "arn:aws:iam::356053176662:role/ServiceRoleForLambda-api-my-api-dev-listOrders-05772dec441b10f9",
            "runtime": "nodejs14.x",
            "s3_bucket": null,
            "s3_key": null,
            "s3_object_version": null,
            "signing_job_arn": "",
            "signing_profile_version_arn": "",
            "source_code_hash": "2SNXAjF8JRnwB9NQ53XSCLnG01gwY90WNztcRvbIv+g=",
            "source_code_size": 48269,
            "tags": {
              "Environment": "dev",
              "Name": "api-my-api-dev",
              "Service": "my-api",
              "ServiceDomain": "api",
              "ServiceName": "my-api",
              "ServiceVersion": "1.0.0"
            },
            "tags_all": {
              "Environment": "dev",
              "Name": "api-my-api-dev",
              "Service": "my-api",
              "ServiceDomain": "api",
              "ServiceName": "my-api",
              "ServiceVersion": "1.0.0"
            },
            "timeout": 60,
            "timeouts": null,
            "tracing_config": [
              {
                "mode": "PassThrough"
              }
            ],
            "version": "$LATEST",
            "vpc_config": []
          },
          "sensitive_attributes": [],
          "private": "eyJlMmJmYjczMC1lY2FhLTExZTYtOGY4OC0zNDM2M2JjN2M0YzAiOnsiY3JlYXRlIjo2MDAwMDAwMDAwMDB9fQ==",
          "dependencies": [
            "module.lambda.aws_iam_role.lambda-function-role",
            "module.lambda.aws_lambda_layer_version.lambda-layer",
            "module.lambda.data.archive_file.lambda-function-source",
            "module.lambda.data.archive_file.typescript-source",
            "module.lambda.data.aws_caller_identity.current",
            "module.lambda.data.aws_region.current",
            "module.lambda.module.lambda-function-name.random_id.this",
            "module.lambda.null_resource.lambda-function-source-builder"
          ]
        }
      ]
    },
    {
      "module": "module.lambda",
      "mode": "managed",
      "type": "aws_lambda_layer_version",
      "name": "lambda-layer",
      "provider": "provider[\"registry.terraform.io/hashicorp/aws\"]",
      "instances": [
        {
          "schema_version": 0,
          "attributes": {
            "arn": "arn:aws:lambda:us-east-1:356053176662:layer:api-my-api-dev-layer-40f6af85d3376dae:1",
            "compatible_architectures": [],
            "compatible_runtimes": [
              "nodejs14.x"
            ],
            "created_date": "2022-12-06T18:28:04.451+0000",
            "description": "my-api dev layer",
            "filename": "/tmp/356053176662/us-east-1/my-api/lambda-layer-source-5f66230c36a9ccc6fe898e3ff7654a06.zip",
            "id": "arn:aws:lambda:us-east-1:356053176662:layer:api-my-api-dev-layer-40f6af85d3376dae:1",
            "layer_arn": "arn:aws:lambda:us-east-1:356053176662:layer:api-my-api-dev-layer-40f6af85d3376dae",
            "layer_name": "api-my-api-dev-layer-40f6af85d3376dae",
            "license_info": "",
            "s3_bucket": null,
            "s3_key": null,
            "s3_object_version": null,
            "signing_job_arn": "",
            "signing_profile_version_arn": "",
            "skip_destroy": false,
            "source_code_hash": "+zXbu4XVnk7OF9svmpQecUhpUZrE7GQM97Qoy8N0YHU=",
            "source_code_size": 5015809,
            "version": "1"
          },
          "sensitive_attributes": [],
          "private": "bnVsbA==",
          "dependencies": [
            "module.lambda.data.archive_file.lambda-layer-source",
            "module.lambda.data.aws_caller_identity.current",
            "module.lambda.data.aws_region.current",
            "module.lambda.module.lambda-layer-name.random_id.this",
            "module.lambda.null_resource.lambda-layer-source-builder"
          ]
        }
      ]
    },
    {
      "module": "module.lambda",
      "mode": "managed",
      "type": "null_resource",
      "name": "lambda-function-source-builder",
      "provider": "provider[\"registry.terraform.io/hashicorp/null\"]",
      "instances": [
        {
          "schema_version": 0,
          "attributes": {
            "id": "7484132261646121352",
            "triggers": {
              "file_dist": "2022-12-06T18:35:39Z",
              "lambda-function-md5": "008d9605c9bfd36e72ed47ab8dce04f7",
              "service_domain": "api",
              "service_name": "my-api"
            }
          },
          "sensitive_attributes": [],
          "dependencies": [
            "module.lambda.data.archive_file.typescript-source"
          ]
        }
      ]
    },
    {
      "module": "module.lambda",
      "mode": "managed",
      "type": "null_resource",
      "name": "lambda-layer-source-builder",
      "provider": "provider[\"registry.terraform.io/hashicorp/null\"]",
      "instances": [
        {
          "schema_version": 0,
          "attributes": {
            "id": "2977700145864267292",
            "triggers": {
              "dependencies-file-md5": "ee2f18911b923fa747dcf452b896606e",
              "dependencies-lock-md5": "5f66230c36a9ccc6fe898e3ff7654a06",
              "file_node_modules": "./../package-lock.json",
              "service_domain": "api",
              "service_name": "my-api"
            }
          },
          "sensitive_attributes": [],
          "dependencies": [
            "module.lambda.data.aws_caller_identity.current",
            "module.lambda.data.aws_region.current"
          ]
        }
      ]
    },
    {
      "module": "module.lambda.module.lambda-function-name[\"createOrder\"]",
      "mode": "managed",
      "type": "random_id",
      "name": "this",
      "provider": "provider[\"registry.terraform.io/hashicorp/random\"]",
      "instances": [
        {
          "schema_version": 0,
          "attributes": {
            "b64_std": "api-my-api-dev-createOrder-/WLgxpndu4M=",
            "b64_url": "api-my-api-dev-createOrder-_WLgxpndu4M",
            "byte_length": 8,
            "dec": "api-my-api-dev-createOrder-18258402982903004035",
            "hex": "api-my-api-dev-createOrder-fd62e0c699ddbb83",
            "id": "_WLgxpndu4M",
            "keepers": {},
            "prefix": "api-my-api-dev-createOrder-"
          },
          "sensitive_attributes": []
        }
      ]
    },
    {
      "module": "module.lambda.module.lambda-function-name[\"createProduct\"]",
      "mode": "managed",
      "type": "random_id",
      "name": "this",
      "provider": "provider[\"registry.terraform.io/hashicorp/random\"]",
      "instances": [
        {
          "schema_version": 0,
          "attributes": {
            "b64_std": "api-my-api-dev-createProduct-PDLWl5hXlmQ=",
            "b64_url": "api-my-api-dev-createProduct-PDLWl5hXlmQ",
            "byte_length": 8,
            "dec": "api-my-api-dev-createProduct-4337765337695491684",
            "hex": "api-my-api-dev-createProduct-3c32d69798579664",
            "id": "PDLWl5hXlmQ",
            "keepers": {},
            "prefix": "api-my-api-dev-createProduct-"
          },
          "sensitive_attributes": []
        }
      ]
    },
    {
      "module": "module.lambda.module.lambda-function-name[\"createUser\"]",
      "mode": "managed",
      "type": "random_id",
      "name": "this",
      "provider": "provider[\"registry.terraform.io/hashicorp/random\"]",
      "instances": [
        {
          "schema_version": 0,
          "attributes": {
            "b64_std": "api-my-api-dev-createUser-gpLRpdVzshM=",
            "b64_url": "api-my-api-dev-createUser-gpLRpdVzshM",
            "byte_length": 8,
            "dec": "api-my-api-dev-createUser-9408813081711325715",
            "hex": "api-my-api-dev-createUser-8292d1a5d573b213",
            "id": "gpLRpdVzshM",
            "keepers": {},
            "prefix": "api-my-api-dev-createUser-"
          },
          "sensitive_attributes": []
        }
      ]
    },
    {
      "module": "module.lambda.module.lambda-function-name[\"deleteProduct\"]",
      "mode": "managed",
      "type": "random_id",
      "name": "this",
      "provider": "provider[\"registry.terraform.io/hashicorp/random\"]",
      "instances": [
        {
          "schema_version": 0,
          "attributes": {
            "b64_std": "api-my-api-dev-deleteProduct-v4vcjtOmD2w=",
            "b64_url": "api-my-api-dev-deleteProduct-v4vcjtOmD2w",
            "byte_length": 8,
            "dec": "api-my-api-dev-deleteProduct-13802367989001359212",
            "hex": "api-my-api-dev-deleteProduct-bf8bdc8ed3a60f6c",
            "id": "v4vcjtOmD2w",
            "keepers": {},
            "prefix": "api-my-api-dev-deleteProduct-"
          },
          "sensitive_attributes": []
        }
      ]
    },
    {
      "module": "module.lambda.module.lambda-function-name[\"deleteUser\"]",
      "mode": "managed",
      "type": "random_id",
      "name": "this",
      "provider": "provider[\"registry.terraform.io/hashicorp/random\"]",
      "instances": [
        {
          "schema_version": 0,
          "attributes": {
            "b64_std": "api-my-api-dev-deleteUser-dZM3p5Y4VnU=",
            "b64_url": "api-my-api-dev-deleteUser-dZM3p5Y4VnU",
            "byte_length": 8,
            "dec": "api-my-api-dev-deleteUser-8472176516933375605",
            "hex": "api-my-api-dev-deleteUser-759337a796385675",
            "id": "dZM3p5Y4VnU",
            "keepers": {},
            "prefix": "api-my-api-dev-deleteUser-"
          },
          "sensitive_attributes": []
        }
      ]
    },
    {
      "module": "module.lambda.module.lambda-function-name[\"getOrder\"]",
      "mode": "managed",
      "type": "random_id",
      "name": "this",
      "provider": "provider[\"registry.terraform.io/hashicorp/random\"]",
      "instances": [
        {
          "schema_version": 0,
          "attributes": {
            "b64_std": "api-my-api-dev-getOrder-c+QjhRzRo8Y=",
            "b64_url": "api-my-api-dev-getOrder-c-QjhRzRo8Y",
            "byte_length": 8,
            "dec": "api-my-api-dev-getOrder-8350838663672865734",
            "hex": "api-my-api-dev-getOrder-73e423851cd1a3c6",
            "id": "c-QjhRzRo8Y",
            "keepers": {},
            "prefix": "api-my-api-dev-getOrder-"
          },
          "sensitive_attributes": []
        }
      ]
    },
    {
      "module": "module.lambda.module.lambda-function-name[\"listOrders\"]",
      "mode": "managed",
      "type": "random_id",
      "name": "this",
      "provider": "provider[\"registry.terraform.io/hashicorp/random\"]",
      "instances": [
        {
          "schema_version": 0,
          "attributes": {
            "b64_std": "api-my-api-dev-listOrders-BXct7EQbEPk=",
            "b64_url": "api-my-api-dev-listOrders-BXct7EQbEPk",
            "byte_length": 8,
            "dec": "api-my-api-dev-listOrders-393833985196364025",
            "hex": "api-my-api-dev-listOrders-05772dec441b10f9",
            "id": "BXct7EQbEPk",
            "keepers": {},
            "prefix": "api-my-api-dev-listOrders-"
          },
          "sensitive_attributes": []
        }
      ]
    },
    {
      "module": "module.lambda.module.lambda-layer-name",
      "mode": "managed",
      "type": "random_id",
      "name": "this",
      "provider": "provider[\"registry.terraform.io/hashicorp/random\"]",
      "instances": [
        {
          "schema_version": 0,
          "attributes": {
            "b64_std": "api-my-api-dev-layer-QPavhdM3ba4=",
            "b64_url": "api-my-api-dev-layer-QPavhdM3ba4",
            "byte_length": 8,
            "dec": "api-my-api-dev-layer-4681121852007345582",
            "hex": "api-my-api-dev-layer-40f6af85d3376dae",
            "id": "QPavhdM3ba4",
            "keepers": {},
            "prefix": "api-my-api-dev-layer-"
          },
          "sensitive_attributes": []
        }
      ]
    }
  ],
  "check_results": null
}
